// !$*UTF8*$!
{
	archiveVersion = 1;
	classes = {
	};
	objectVersion = 55;
	objects = {

/* Begin PBXBuildFile section */
		94272A29288AA0480010BC10 /* AppDelegate.swift in Sources */ = {isa = PBXBuildFile; fileRef = 94272A28288AA0480010BC10 /* AppDelegate.swift */; };
		94272A2B288AA0480010BC10 /* SceneDelegate.swift in Sources */ = {isa = PBXBuildFile; fileRef = 94272A2A288AA0480010BC10 /* SceneDelegate.swift */; };
		94272A32288AA04A0010BC10 /* Assets.xcassets in Resources */ = {isa = PBXBuildFile; fileRef = 94272A31288AA04A0010BC10 /* Assets.xcassets */; };
		94272A35288AA04A0010BC10 /* LaunchScreen.storyboard in Resources */ = {isa = PBXBuildFile; fileRef = 94272A33288AA04A0010BC10 /* LaunchScreen.storyboard */; };
		94272A4B288AAE880010BC10 /* Done.swift in Sources */ = {isa = PBXBuildFile; fileRef = 94272A4A288AAE870010BC10 /* Done.swift */; };
		94272A4D288AAF200010BC10 /* Storage.swift in Sources */ = {isa = PBXBuildFile; fileRef = 94272A4C288AAF200010BC10 /* Storage.swift */; };
		94272A53288AB15D0010BC10 /* HTTPMethod.swift in Sources */ = {isa = PBXBuildFile; fileRef = 94272A52288AB15D0010BC10 /* HTTPMethod.swift */; };
		94272A59288AB2420010BC10 /* EndPoint.swift in Sources */ = {isa = PBXBuildFile; fileRef = 94272A58288AB2410010BC10 /* EndPoint.swift */; };
		94272A5B288AB9F70010BC10 /* QuoteAPI.swift in Sources */ = {isa = PBXBuildFile; fileRef = 94272A5A288AB9F70010BC10 /* QuoteAPI.swift */; };
		94272A5D288AC5C00010BC10 /* APIProvider.swift in Sources */ = {isa = PBXBuildFile; fileRef = 94272A5C288AC5C00010BC10 /* APIProvider.swift */; };
		94272A5F288AC8B80010BC10 /* DefaultQuotesRepository.swift in Sources */ = {isa = PBXBuildFile; fileRef = 94272A5E288AC8B80010BC10 /* DefaultQuotesRepository.swift */; };
		94272A64288ACB560010BC10 /* Quote.swift in Sources */ = {isa = PBXBuildFile; fileRef = 94272A63288ACB560010BC10 /* Quote.swift */; };
		94272A67288ACBE70010BC10 /* QuoteRepository.swift in Sources */ = {isa = PBXBuildFile; fileRef = 94272A66288ACBE70010BC10 /* QuoteRepository.swift */; };
		94272A6E288AD4820010BC10 /* FetchQuoteUseCase.swift in Sources */ = {isa = PBXBuildFile; fileRef = 94272A6D288AD4810010BC10 /* FetchQuoteUseCase.swift */; };
/* End PBXBuildFile section */

/* Begin PBXFileReference section */
		94272A25288AA0480010BC10 /* DoneList.app */ = {isa = PBXFileReference; explicitFileType = wrapper.application; includeInIndex = 0; path = DoneList.app; sourceTree = BUILT_PRODUCTS_DIR; };
		94272A28288AA0480010BC10 /* AppDelegate.swift */ = {isa = PBXFileReference; lastKnownFileType = sourcecode.swift; path = AppDelegate.swift; sourceTree = "<group>"; };
		94272A2A288AA0480010BC10 /* SceneDelegate.swift */ = {isa = PBXFileReference; lastKnownFileType = sourcecode.swift; path = SceneDelegate.swift; sourceTree = "<group>"; };
		94272A31288AA04A0010BC10 /* Assets.xcassets */ = {isa = PBXFileReference; lastKnownFileType = folder.assetcatalog; path = Assets.xcassets; sourceTree = "<group>"; };
		94272A34288AA04A0010BC10 /* Base */ = {isa = PBXFileReference; lastKnownFileType = file.storyboard; name = Base; path = Base.lproj/LaunchScreen.storyboard; sourceTree = "<group>"; };
		94272A36288AA04A0010BC10 /* Info.plist */ = {isa = PBXFileReference; lastKnownFileType = text.plist.xml; path = Info.plist; sourceTree = "<group>"; };
		94272A4A288AAE870010BC10 /* Done.swift */ = {isa = PBXFileReference; lastKnownFileType = sourcecode.swift; path = Done.swift; sourceTree = "<group>"; };
		94272A4C288AAF200010BC10 /* Storage.swift */ = {isa = PBXFileReference; lastKnownFileType = sourcecode.swift; path = Storage.swift; sourceTree = "<group>"; };
		94272A52288AB15D0010BC10 /* HTTPMethod.swift */ = {isa = PBXFileReference; lastKnownFileType = sourcecode.swift; path = HTTPMethod.swift; sourceTree = "<group>"; };
		94272A58288AB2410010BC10 /* EndPoint.swift */ = {isa = PBXFileReference; lastKnownFileType = sourcecode.swift; path = EndPoint.swift; sourceTree = "<group>"; };
		94272A5A288AB9F70010BC10 /* QuoteAPI.swift */ = {isa = PBXFileReference; lastKnownFileType = sourcecode.swift; path = QuoteAPI.swift; sourceTree = "<group>"; };
		94272A5C288AC5C00010BC10 /* APIProvider.swift */ = {isa = PBXFileReference; lastKnownFileType = sourcecode.swift; path = APIProvider.swift; sourceTree = "<group>"; };
		94272A5E288AC8B80010BC10 /* DefaultQuotesRepository.swift */ = {isa = PBXFileReference; lastKnownFileType = sourcecode.swift; path = DefaultQuotesRepository.swift; sourceTree = "<group>"; };
		94272A63288ACB560010BC10 /* Quote.swift */ = {isa = PBXFileReference; lastKnownFileType = sourcecode.swift; path = Quote.swift; sourceTree = "<group>"; };
		94272A66288ACBE70010BC10 /* QuoteRepository.swift */ = {isa = PBXFileReference; lastKnownFileType = sourcecode.swift; path = QuoteRepository.swift; sourceTree = "<group>"; };
		94272A6D288AD4810010BC10 /* FetchQuoteUseCase.swift */ = {isa = PBXFileReference; lastKnownFileType = sourcecode.swift; path = FetchQuoteUseCase.swift; sourceTree = "<group>"; };
/* End PBXFileReference section */

/* Begin PBXFrameworksBuildPhase section */
		94272A22288AA0480010BC10 /* Frameworks */ = {
			isa = PBXFrameworksBuildPhase;
			buildActionMask = 2147483647;
			files = (
			);
			runOnlyForDeploymentPostprocessing = 0;
		};
/* End PBXFrameworksBuildPhase section */

/* Begin PBXGroup section */
		94272A1C288AA0480010BC10 = {
			isa = PBXGroup;
			children = (
				94272A27288AA0480010BC10 /* DoneList */,
				94272A26288AA0480010BC10 /* Products */,
			);
			sourceTree = "<group>";
		};
		94272A26288AA0480010BC10 /* Products */ = {
			isa = PBXGroup;
			children = (
				94272A25288AA0480010BC10 /* DoneList.app */,
			);
			name = Products;
			sourceTree = "<group>";
		};
		94272A27288AA0480010BC10 /* DoneList */ = {
			isa = PBXGroup;
			children = (
				94272A3D288AA0B70010BC10 /* Application */,
				94272A3E288AA2770010BC10 /* Presentation */,
				94272A3F288AA2970010BC10 /* Domain */,
				94272A40288AA2A10010BC10 /* Data */,
				94272A4F288AB0990010BC10 /* Network */,
				94272A41288AA2A90010BC10 /* Utils */,
				94272A3C288AA0A60010BC10 /* Resource */,
			);
			path = DoneList;
			sourceTree = "<group>";
		};
		94272A3C288AA0A60010BC10 /* Resource */ = {
			isa = PBXGroup;
			children = (
				94272A31288AA04A0010BC10 /* Assets.xcassets */,
				94272A33288AA04A0010BC10 /* LaunchScreen.storyboard */,
				94272A36288AA04A0010BC10 /* Info.plist */,
			);
			path = Resource;
			sourceTree = "<group>";
		};
		94272A3D288AA0B70010BC10 /* Application */ = {
			isa = PBXGroup;
			children = (
				94272A28288AA0480010BC10 /* AppDelegate.swift */,
				94272A2A288AA0480010BC10 /* SceneDelegate.swift */,
				94272A42288AA2DF0010BC10 /* DIContainer */,
			);
			path = Application;
			sourceTree = "<group>";
		};
		94272A3E288AA2770010BC10 /* Presentation */ = {
			isa = PBXGroup;
			children = (
				94272A43288AA2E90010BC10 /* Coordinator */,
			);
			path = Presentation;
			sourceTree = "<group>";
		};
		94272A3F288AA2970010BC10 /* Domain */ = {
			isa = PBXGroup;
			children = (
				94272A45288AA3160010BC10 /* Entity */,
				94272A46288AA31C0010BC10 /* UseCase */,
				94272A65288ACBCC0010BC10 /* RepositoryInterface */,
			);
			path = Domain;
			sourceTree = "<group>";
		};
		94272A40288AA2A10010BC10 /* Data */ = {
			isa = PBXGroup;
			children = (
				94272A48288AA32D0010BC10 /* Repository */,
				94272A49288AA3340010BC10 /* Storage */,
			);
			path = Data;
			sourceTree = "<group>";
		};
		94272A41288AA2A90010BC10 /* Utils */ = {
			isa = PBXGroup;
			children = (
			);
			path = Utils;
			sourceTree = "<group>";
		};
		94272A42288AA2DF0010BC10 /* DIContainer */ = {
			isa = PBXGroup;
			children = (
			);
			path = DIContainer;
			sourceTree = "<group>";
		};
		94272A43288AA2E90010BC10 /* Coordinator */ = {
			isa = PBXGroup;
			children = (
			);
			path = Coordinator;
			sourceTree = "<group>";
		};
		94272A45288AA3160010BC10 /* Entity */ = {
			isa = PBXGroup;
			children = (
				94272A4A288AAE870010BC10 /* Done.swift */,
				94272A63288ACB560010BC10 /* Quote.swift */,
			);
			path = Entity;
			sourceTree = "<group>";
		};
		94272A46288AA31C0010BC10 /* UseCase */ = {
			isa = PBXGroup;
			children = (
				94272A6D288AD4810010BC10 /* FetchQuoteUseCase.swift */,
			);
			path = UseCase;
			sourceTree = "<group>";
		};
		94272A48288AA32D0010BC10 /* Repository */ = {
			isa = PBXGroup;
			children = (
				94272A5E288AC8B80010BC10 /* DefaultQuotesRepository.swift */,
			);
			path = Repository;
			sourceTree = "<group>";
		};
		94272A49288AA3340010BC10 /* Storage */ = {
			isa = PBXGroup;
			children = (
				94272A4C288AAF200010BC10 /* Storage.swift */,
			);
			path = Storage;
			sourceTree = "<group>";
		};
		94272A4F288AB0990010BC10 /* Network */ = {
			isa = PBXGroup;
			children = (
				94272A55288AB1D40010BC10 /* APIProvider */,
				94272A54288AB1C90010BC10 /* EndPoint */,
			);
			path = Network;
			sourceTree = "<group>";
		};
		94272A54288AB1C90010BC10 /* EndPoint */ = {
			isa = PBXGroup;
			children = (
				94272A52288AB15D0010BC10 /* HTTPMethod.swift */,
				94272A58288AB2410010BC10 /* EndPoint.swift */,
				94272A5A288AB9F70010BC10 /* QuoteAPI.swift */,
			);
			path = EndPoint;
			sourceTree = "<group>";
		};
		94272A55288AB1D40010BC10 /* APIProvider */ = {
			isa = PBXGroup;
			children = (
				94272A5C288AC5C00010BC10 /* APIProvider.swift */,
			);
			path = APIProvider;
			sourceTree = "<group>";
		};
		94272A65288ACBCC0010BC10 /* RepositoryInterface */ = {
			isa = PBXGroup;
			children = (
				94272A66288ACBE70010BC10 /* QuoteRepository.swift */,
			);
			path = RepositoryInterface;
			sourceTree = "<group>";
		};
/* End PBXGroup section */

/* Begin PBXNativeTarget section */
		94272A24288AA0480010BC10 /* DoneList */ = {
			isa = PBXNativeTarget;
			buildConfigurationList = 94272A39288AA04A0010BC10 /* Build configuration list for PBXNativeTarget "DoneList" */;
			buildPhases = (
				94272A21288AA0480010BC10 /* Sources */,
				94272A22288AA0480010BC10 /* Frameworks */,
				94272A23288AA0480010BC10 /* Resources */,
			);
			buildRules = (
			);
			dependencies = (
			);
			name = DoneList;
			productName = DoneList;
			productReference = 94272A25288AA0480010BC10 /* DoneList.app */;
			productType = "com.apple.product-type.application";
		};
/* End PBXNativeTarget section */

/* Begin PBXProject section */
		94272A1D288AA0480010BC10 /* Project object */ = {
			isa = PBXProject;
			attributes = {
				BuildIndependentTargetsInParallel = 1;
				LastSwiftUpdateCheck = 1340;
				LastUpgradeCheck = 1340;
				TargetAttributes = {
					94272A24288AA0480010BC10 = {
						CreatedOnToolsVersion = 13.4.1;
					};
				};
			};
			buildConfigurationList = 94272A20288AA0480010BC10 /* Build configuration list for PBXProject "DoneList" */;
			compatibilityVersion = "Xcode 13.0";
			developmentRegion = en;
			hasScannedForEncodings = 0;
			knownRegions = (
				en,
				Base,
			);
			mainGroup = 94272A1C288AA0480010BC10;
			productRefGroup = 94272A26288AA0480010BC10 /* Products */;
			projectDirPath = "";
			projectRoot = "";
			targets = (
				94272A24288AA0480010BC10 /* DoneList */,
			);
		};
/* End PBXProject section */

/* Begin PBXResourcesBuildPhase section */
		94272A23288AA0480010BC10 /* Resources */ = {
			isa = PBXResourcesBuildPhase;
			buildActionMask = 2147483647;
			files = (
				94272A35288AA04A0010BC10 /* LaunchScreen.storyboard in Resources */,
				94272A32288AA04A0010BC10 /* Assets.xcassets in Resources */,
			);
			runOnlyForDeploymentPostprocessing = 0;
		};
/* End PBXResourcesBuildPhase section */

/* Begin PBXSourcesBuildPhase section */
		94272A21288AA0480010BC10 /* Sources */ = {
			isa = PBXSourcesBuildPhase;
			buildActionMask = 2147483647;
			files = (
				94272A59288AB2420010BC10 /* EndPoint.swift in Sources */,
				94272A5D288AC5C00010BC10 /* APIProvider.swift in Sources */,
				94272A67288ACBE70010BC10 /* QuoteRepository.swift in Sources */,
				94272A29288AA0480010BC10 /* AppDelegate.swift in Sources */,
				94272A4D288AAF200010BC10 /* Storage.swift in Sources */,
				94272A4B288AAE880010BC10 /* Done.swift in Sources */,
				94272A5B288AB9F70010BC10 /* QuoteAPI.swift in Sources */,
				94272A6E288AD4820010BC10 /* FetchQuoteUseCase.swift in Sources */,
				94272A53288AB15D0010BC10 /* HTTPMethod.swift in Sources */,
				94272A2B288AA0480010BC10 /* SceneDelegate.swift in Sources */,
				94272A5F288AC8B80010BC10 /* DefaultQuotesRepository.swift in Sources */,
				94272A64288ACB560010BC10 /* Quote.swift in Sources */,
			);
			runOnlyForDeploymentPostprocessing = 0;
		};
/* End PBXSourcesBuildPhase section */

/* Begin PBXVariantGroup section */
		94272A33288AA04A0010BC10 /* LaunchScreen.storyboard */ = {
			isa = PBXVariantGroup;
			children = (
				94272A34288AA04A0010BC10 /* Base */,
			);
			name = LaunchScreen.storyboard;
			sourceTree = "<group>";
		};
/* End PBXVariantGroup section */

/* Begin XCBuildConfiguration section */
		94272A37288AA04A0010BC10 /* Debug */ = {
			isa = XCBuildConfiguration;
			buildSettings = {
				ALWAYS_SEARCH_USER_PATHS = NO;
				CLANG_ANALYZER_NONNULL = YES;
				CLANG_ANALYZER_NUMBER_OBJECT_CONVERSION = YES_AGGRESSIVE;
				CLANG_CXX_LANGUAGE_STANDARD = "gnu++17";
				CLANG_ENABLE_MODULES = YES;
				CLANG_ENABLE_OBJC_ARC = YES;
				CLANG_ENABLE_OBJC_WEAK = YES;
				CLANG_WARN_BLOCK_CAPTURE_AUTORELEASING = YES;
				CLANG_WARN_BOOL_CONVERSION = YES;
				CLANG_WARN_COMMA = YES;
				CLANG_WARN_CONSTANT_CONVERSION = YES;
				CLANG_WARN_DEPRECATED_OBJC_IMPLEMENTATIONS = YES;
				CLANG_WARN_DIRECT_OBJC_ISA_USAGE = YES_ERROR;
				CLANG_WARN_DOCUMENTATION_COMMENTS = YES;
				CLANG_WARN_EMPTY_BODY = YES;
				CLANG_WARN_ENUM_CONVERSION = YES;
				CLANG_WARN_INFINITE_RECURSION = YES;
				CLANG_WARN_INT_CONVERSION = YES;
				CLANG_WARN_NON_LITERAL_NULL_CONVERSION = YES;
				CLANG_WARN_OBJC_IMPLICIT_RETAIN_SELF = YES;
				CLANG_WARN_OBJC_LITERAL_CONVERSION = YES;
				CLANG_WARN_OBJC_ROOT_CLASS = YES_ERROR;
				CLANG_WARN_QUOTED_INCLUDE_IN_FRAMEWORK_HEADER = YES;
				CLANG_WARN_RANGE_LOOP_ANALYSIS = YES;
				CLANG_WARN_STRICT_PROTOTYPES = YES;
				CLANG_WARN_SUSPICIOUS_MOVE = YES;
				CLANG_WARN_UNGUARDED_AVAILABILITY = YES_AGGRESSIVE;
				CLANG_WARN_UNREACHABLE_CODE = YES;
				CLANG_WARN__DUPLICATE_METHOD_MATCH = YES;
				COPY_PHASE_STRIP = NO;
				DEBUG_INFORMATION_FORMAT = dwarf;
				ENABLE_STRICT_OBJC_MSGSEND = YES;
				ENABLE_TESTABILITY = YES;
				GCC_C_LANGUAGE_STANDARD = gnu11;
				GCC_DYNAMIC_NO_PIC = NO;
				GCC_NO_COMMON_BLOCKS = YES;
				GCC_OPTIMIZATION_LEVEL = 0;
				GCC_PREPROCESSOR_DEFINITIONS = (
					"DEBUG=1",
					"$(inherited)",
				);
				GCC_WARN_64_TO_32_BIT_CONVERSION = YES;
				GCC_WARN_ABOUT_RETURN_TYPE = YES_ERROR;
				GCC_WARN_UNDECLARED_SELECTOR = YES;
				GCC_WARN_UNINITIALIZED_AUTOS = YES_AGGRESSIVE;
				GCC_WARN_UNUSED_FUNCTION = YES;
				GCC_WARN_UNUSED_VARIABLE = YES;
				IPHONEOS_DEPLOYMENT_TARGET = 15.5;
				MTL_ENABLE_DEBUG_INFO = INCLUDE_SOURCE;
				MTL_FAST_MATH = YES;
				ONLY_ACTIVE_ARCH = YES;
				SDKROOT = iphoneos;
				SWIFT_ACTIVE_COMPILATION_CONDITIONS = DEBUG;
				SWIFT_OPTIMIZATION_LEVEL = "-Onone";
			};
			name = Debug;
		};
		94272A38288AA04A0010BC10 /* Release */ = {
			isa = XCBuildConfiguration;
			buildSettings = {
				ALWAYS_SEARCH_USER_PATHS = NO;
				CLANG_ANALYZER_NONNULL = YES;
				CLANG_ANALYZER_NUMBER_OBJECT_CONVERSION = YES_AGGRESSIVE;
				CLANG_CXX_LANGUAGE_STANDARD = "gnu++17";
				CLANG_ENABLE_MODULES = YES;
				CLANG_ENABLE_OBJC_ARC = YES;
				CLANG_ENABLE_OBJC_WEAK = YES;
				CLANG_WARN_BLOCK_CAPTURE_AUTORELEASING = YES;
				CLANG_WARN_BOOL_CONVERSION = YES;
				CLANG_WARN_COMMA = YES;
				CLANG_WARN_CONSTANT_CONVERSION = YES;
				CLANG_WARN_DEPRECATED_OBJC_IMPLEMENTATIONS = YES;
				CLANG_WARN_DIRECT_OBJC_ISA_USAGE = YES_ERROR;
				CLANG_WARN_DOCUMENTATION_COMMENTS = YES;
				CLANG_WARN_EMPTY_BODY = YES;
				CLANG_WARN_ENUM_CONVERSION = YES;
				CLANG_WARN_INFINITE_RECURSION = YES;
				CLANG_WARN_INT_CONVERSION = YES;
				CLANG_WARN_NON_LITERAL_NULL_CONVERSION = YES;
				CLANG_WARN_OBJC_IMPLICIT_RETAIN_SELF = YES;
				CLANG_WARN_OBJC_LITERAL_CONVERSION = YES;
				CLANG_WARN_OBJC_ROOT_CLASS = YES_ERROR;
				CLANG_WARN_QUOTED_INCLUDE_IN_FRAMEWORK_HEADER = YES;
				CLANG_WARN_RANGE_LOOP_ANALYSIS = YES;
				CLANG_WARN_STRICT_PROTOTYPES = YES;
				CLANG_WARN_SUSPICIOUS_MOVE = YES;
				CLANG_WARN_UNGUARDED_AVAILABILITY = YES_AGGRESSIVE;
				CLANG_WARN_UNREACHABLE_CODE = YES;
				CLANG_WARN__DUPLICATE_METHOD_MATCH = YES;
				COPY_PHASE_STRIP = NO;
				DEBUG_INFORMATION_FORMAT = "dwarf-with-dsym";
				ENABLE_NS_ASSERTIONS = NO;
				ENABLE_STRICT_OBJC_MSGSEND = YES;
				GCC_C_LANGUAGE_STANDARD = gnu11;
				GCC_NO_COMMON_BLOCKS = YES;
				GCC_WARN_64_TO_32_BIT_CONVERSION = YES;
				GCC_WARN_ABOUT_RETURN_TYPE = YES_ERROR;
				GCC_WARN_UNDECLARED_SELECTOR = YES;
				GCC_WARN_UNINITIALIZED_AUTOS = YES_AGGRESSIVE;
				GCC_WARN_UNUSED_FUNCTION = YES;
				GCC_WARN_UNUSED_VARIABLE = YES;
				IPHONEOS_DEPLOYMENT_TARGET = 15.5;
				MTL_ENABLE_DEBUG_INFO = NO;
				MTL_FAST_MATH = YES;
				SDKROOT = iphoneos;
				SWIFT_COMPILATION_MODE = wholemodule;
				SWIFT_OPTIMIZATION_LEVEL = "-O";
				VALIDATE_PRODUCT = YES;
			};
			name = Release;
		};
		94272A3A288AA04A0010BC10 /* Debug */ = {
			isa = XCBuildConfiguration;
			buildSettings = {
				ASSETCATALOG_COMPILER_APPICON_NAME = AppIcon;
				ASSETCATALOG_COMPILER_GLOBAL_ACCENT_COLOR_NAME = AccentColor;
				CODE_SIGN_STYLE = Automatic;
				CURRENT_PROJECT_VERSION = 1;
				DEVELOPMENT_TEAM = 56M5N9M2PX;
				GENERATE_INFOPLIST_FILE = YES;
				INFOPLIST_FILE = DoneList/Resource/Info.plist;
				INFOPLIST_KEY_UIApplicationSupportsIndirectInputEvents = YES;
				INFOPLIST_KEY_UILaunchStoryboardName = LaunchScreen;
				INFOPLIST_KEY_UIMainStoryboardFile = Main;
				INFOPLIST_KEY_UISupportedInterfaceOrientations_iPad = "UIInterfaceOrientationPortrait UIInterfaceOrientationPortraitUpsideDown UIInterfaceOrientationLandscapeLeft UIInterfaceOrientationLandscapeRight";
				INFOPLIST_KEY_UISupportedInterfaceOrientations_iPhone = "UIInterfaceOrientationPortrait UIInterfaceOrientationLandscapeLeft UIInterfaceOrientationLandscapeRight";
				LD_RUNPATH_SEARCH_PATHS = (
					"$(inherited)",
					"@executable_path/Frameworks",
				);
				MARKETING_VERSION = 1.0;
				PRODUCT_BUNDLE_IDENTIFIER = com.gmail.whqtkf12.DoneList;
				PRODUCT_NAME = "$(TARGET_NAME)";
				SWIFT_EMIT_LOC_STRINGS = YES;
				SWIFT_VERSION = 5.0;
				TARGETED_DEVICE_FAMILY = "1,2";
			};
			name = Debug;
		};
		94272A3B288AA04A0010BC10 /* Release */ = {
			isa = XCBuildConfiguration;
			buildSettings = {
				ASSETCATALOG_COMPILER_APPICON_NAME = AppIcon;
				ASSETCATALOG_COMPILER_GLOBAL_ACCENT_COLOR_NAME = AccentColor;
				CODE_SIGN_STYLE = Automatic;
				CURRENT_PROJECT_VERSION = 1;
				DEVELOPMENT_TEAM = 56M5N9M2PX;
				GENERATE_INFOPLIST_FILE = YES;
				INFOPLIST_FILE = DoneList/Resource/Info.plist;
				INFOPLIST_KEY_UIApplicationSupportsIndirectInputEvents = YES;
				INFOPLIST_KEY_UILaunchStoryboardName = LaunchScreen;
				INFOPLIST_KEY_UIMainStoryboardFile = Main;
				INFOPLIST_KEY_UISupportedInterfaceOrientations_iPad = "UIInterfaceOrientationPortrait UIInterfaceOrientationPortraitUpsideDown UIInterfaceOrientationLandscapeLeft UIInterfaceOrientationLandscapeRight";
				INFOPLIST_KEY_UISupportedInterfaceOrientations_iPhone = "UIInterfaceOrientationPortrait UIInterfaceOrientationLandscapeLeft UIInterfaceOrientationLandscapeRight";
				LD_RUNPATH_SEARCH_PATHS = (
					"$(inherited)",
					"@executable_path/Frameworks",
				);
				MARKETING_VERSION = 1.0;
				PRODUCT_BUNDLE_IDENTIFIER = com.gmail.whqtkf12.DoneList;
				PRODUCT_NAME = "$(TARGET_NAME)";
				SWIFT_EMIT_LOC_STRINGS = YES;
				SWIFT_VERSION = 5.0;
				TARGETED_DEVICE_FAMILY = "1,2";
			};
			name = Release;
		};
/* End XCBuildConfiguration section */

/* Begin XCConfigurationList section */
		94272A20288AA0480010BC10 /* Build configuration list for PBXProject "DoneList" */ = {
			isa = XCConfigurationList;
			buildConfigurations = (
				94272A37288AA04A0010BC10 /* Debug */,
				94272A38288AA04A0010BC10 /* Release */,
			);
			defaultConfigurationIsVisible = 0;
			defaultConfigurationName = Release;
		};
		94272A39288AA04A0010BC10 /* Build configuration list for PBXNativeTarget "DoneList" */ = {
			isa = XCConfigurationList;
			buildConfigurations = (
				94272A3A288AA04A0010BC10 /* Debug */,
				94272A3B288AA04A0010BC10 /* Release */,
			);
			defaultConfigurationIsVisible = 0;
			defaultConfigurationName = Release;
		};
/* End XCConfigurationList section */
	};
	rootObject = 94272A1D288AA0480010BC10 /* Project object */;
}
