// !$*UTF8*$!
{
	archiveVersion = 1;
	classes = {
	};
	objectVersion = 55;
	objects = {

/* Begin PBXBuildFile section */
		9408675B289FE6A8009719C4 /* OpenSourceCell.swift in Sources */ = {isa = PBXBuildFile; fileRef = 9408675A289FE6A8009719C4 /* OpenSourceCell.swift */; };
		9408675D289FE855009719C4 /* AppStoreCell.swift in Sources */ = {isa = PBXBuildFile; fileRef = 9408675C289FE855009719C4 /* AppStoreCell.swift */; };
		9408675F289FEEA4009719C4 /* FontCell.swift in Sources */ = {isa = PBXBuildFile; fileRef = 9408675E289FEEA4009719C4 /* FontCell.swift */; };
		9408676928A007FB009719C4 /* Mabinogi_Classic_OTF.otf in Resources */ = {isa = PBXBuildFile; fileRef = 9408676628A007FB009719C4 /* Mabinogi_Classic_OTF.otf */; };
		9408676A28A007FB009719C4 /* ChosunCentennial_otf.otf in Resources */ = {isa = PBXBuildFile; fileRef = 9408676728A007FB009719C4 /* ChosunCentennial_otf.otf */; };
		9408676B28A007FB009719C4 /* DalseoHealingMedium.otf in Resources */ = {isa = PBXBuildFile; fileRef = 9408676828A007FB009719C4 /* DalseoHealingMedium.otf */; };
		9408676F28A017E9009719C4 /* AppFont.swift in Sources */ = {isa = PBXBuildFile; fileRef = 9408676E28A017E9009719C4 /* AppFont.swift */; };
		9408677128A02C71009719C4 /* SettingViewModel.swift in Sources */ = {isa = PBXBuildFile; fileRef = 9408677028A02C71009719C4 /* SettingViewModel.swift */; };
		94175074289FBAAA000EE6F5 /* SettingView.swift in Sources */ = {isa = PBXBuildFile; fileRef = 94175073289FBAAA000EE6F5 /* SettingView.swift */; };
		94175078289FC5AC000EE6F5 /* OpenSourceListView.swift in Sources */ = {isa = PBXBuildFile; fileRef = 94175077289FC5AC000EE6F5 /* OpenSourceListView.swift */; };
		9417507A289FC5BC000EE6F5 /* OpenSourceListViewModel.swift in Sources */ = {isa = PBXBuildFile; fileRef = 94175079289FC5BC000EE6F5 /* OpenSourceListViewModel.swift */; };
		9417507D289FDFEE000EE6F5 /* OpenSourceView.swift in Sources */ = {isa = PBXBuildFile; fileRef = 9417507C289FDFEE000EE6F5 /* OpenSourceView.swift */; };
		9417507F289FDFF6000EE6F5 /* OpenSourceViewModel.swift in Sources */ = {isa = PBXBuildFile; fileRef = 9417507E289FDFF6000EE6F5 /* OpenSourceViewModel.swift */; };
		941D7D05288C5CA70071C2C7 /* Combine+UITextField.swift in Sources */ = {isa = PBXBuildFile; fileRef = 941D7D04288C5CA70071C2C7 /* Combine+UITextField.swift */; };
		941D7D07288C5CC10071C2C7 /* Combine+UIButton.swift in Sources */ = {isa = PBXBuildFile; fileRef = 941D7D06288C5CC10071C2C7 /* Combine+UIButton.swift */; };
		941D7D0C288C96E50071C2C7 /* DoneEditViewModel.swift in Sources */ = {isa = PBXBuildFile; fileRef = 941D7D0B288C96E50071C2C7 /* DoneEditViewModel.swift */; };
		941D7D0E288C9A4C0071C2C7 /* DoneEditViewController.swift in Sources */ = {isa = PBXBuildFile; fileRef = 941D7D0D288C9A4C0071C2C7 /* DoneEditViewController.swift */; };
		94272A29288AA0480010BC10 /* AppDelegate.swift in Sources */ = {isa = PBXBuildFile; fileRef = 94272A28288AA0480010BC10 /* AppDelegate.swift */; };
		94272A2B288AA0480010BC10 /* SceneDelegate.swift in Sources */ = {isa = PBXBuildFile; fileRef = 94272A2A288AA0480010BC10 /* SceneDelegate.swift */; };
		94272A32288AA04A0010BC10 /* Assets.xcassets in Resources */ = {isa = PBXBuildFile; fileRef = 94272A31288AA04A0010BC10 /* Assets.xcassets */; };
		94272A35288AA04A0010BC10 /* LaunchScreen.storyboard in Resources */ = {isa = PBXBuildFile; fileRef = 94272A33288AA04A0010BC10 /* LaunchScreen.storyboard */; };
		94272A4B288AAE880010BC10 /* Done.swift in Sources */ = {isa = PBXBuildFile; fileRef = 94272A4A288AAE870010BC10 /* Done.swift */; };
		94272A4D288AAF200010BC10 /* DoneStorageType.swift in Sources */ = {isa = PBXBuildFile; fileRef = 94272A4C288AAF200010BC10 /* DoneStorageType.swift */; };
		94272A53288AB15D0010BC10 /* HTTPMethod.swift in Sources */ = {isa = PBXBuildFile; fileRef = 94272A52288AB15D0010BC10 /* HTTPMethod.swift */; };
		94272A59288AB2420010BC10 /* EndPoint.swift in Sources */ = {isa = PBXBuildFile; fileRef = 94272A58288AB2410010BC10 /* EndPoint.swift */; };
		94272A5B288AB9F70010BC10 /* QuoteAPI.swift in Sources */ = {isa = PBXBuildFile; fileRef = 94272A5A288AB9F70010BC10 /* QuoteAPI.swift */; };
		94272A5D288AC5C00010BC10 /* APIProvider.swift in Sources */ = {isa = PBXBuildFile; fileRef = 94272A5C288AC5C00010BC10 /* APIProvider.swift */; };
		94272A5F288AC8B80010BC10 /* QuotesRepository.swift in Sources */ = {isa = PBXBuildFile; fileRef = 94272A5E288AC8B80010BC10 /* QuotesRepository.swift */; };
		94272A64288ACB560010BC10 /* Quote.swift in Sources */ = {isa = PBXBuildFile; fileRef = 94272A63288ACB560010BC10 /* Quote.swift */; };
		94272A67288ACBE70010BC10 /* QuotesRepositoryType.swift in Sources */ = {isa = PBXBuildFile; fileRef = 94272A66288ACBE70010BC10 /* QuotesRepositoryType.swift */; };
		94272A6E288AD4820010BC10 /* FetchQuoteUseCase.swift in Sources */ = {isa = PBXBuildFile; fileRef = 94272A6D288AD4810010BC10 /* FetchQuoteUseCase.swift */; };
		94272A78288AD9620010BC10 /* DoneRepositoryType.swift in Sources */ = {isa = PBXBuildFile; fileRef = 94272A77288AD9620010BC10 /* DoneRepositoryType.swift */; };
		94272A7A288ADA050010BC10 /* DoneRepository.swift in Sources */ = {isa = PBXBuildFile; fileRef = 94272A79288ADA050010BC10 /* DoneRepository.swift */; };
		94272A7C288ADA7D0010BC10 /* DoneUseCase.swift in Sources */ = {isa = PBXBuildFile; fileRef = 94272A7B288ADA7D0010BC10 /* DoneUseCase.swift */; };
		94272A7E288ADB6E0010BC10 /* AppDIContainer.swift in Sources */ = {isa = PBXBuildFile; fileRef = 94272A7D288ADB6E0010BC10 /* AppDIContainer.swift */; };
		94272A80288ADC450010BC10 /* DoneSceneDIContainer.swift in Sources */ = {isa = PBXBuildFile; fileRef = 94272A7F288ADC450010BC10 /* DoneSceneDIContainer.swift */; };
		94272A84288ADD8C0010BC10 /* DoneListViewModel.swift in Sources */ = {isa = PBXBuildFile; fileRef = 94272A83288ADD8C0010BC10 /* DoneListViewModel.swift */; };
		94272A86288ADE690010BC10 /* DoneListViewController.swift in Sources */ = {isa = PBXBuildFile; fileRef = 94272A85288ADE690010BC10 /* DoneListViewController.swift */; };
		94272A88288AE0620010BC10 /* AppCoordinator.swift in Sources */ = {isa = PBXBuildFile; fileRef = 94272A87288AE0620010BC10 /* AppCoordinator.swift */; };
		94272A8A288AE19F0010BC10 /* DoneSceneCoordinator.swift in Sources */ = {isa = PBXBuildFile; fileRef = 94272A89288AE19F0010BC10 /* DoneSceneCoordinator.swift */; };
		94272A95288AFB860010BC10 /* DoneCell.swift in Sources */ = {isa = PBXBuildFile; fileRef = 94272A94288AFB860010BC10 /* DoneCell.swift */; };
		94272A98288AFD3E0010BC10 /* UIStackView+.swift in Sources */ = {isa = PBXBuildFile; fileRef = 94272A97288AFD3E0010BC10 /* UIStackView+.swift */; };
		94272A9B288AFDF20010BC10 /* SnapKit in Frameworks */ = {isa = PBXBuildFile; productRef = 94272A9A288AFDF20010BC10 /* SnapKit */; };
		94272A9D288AFFE80010BC10 /* DoneContentConfiguration.swift in Sources */ = {isa = PBXBuildFile; fileRef = 94272A9C288AFFE80010BC10 /* DoneContentConfiguration.swift */; };
		94272A9F288AFFF20010BC10 /* DoneContentView.swift in Sources */ = {isa = PBXBuildFile; fileRef = 94272A9E288AFFF20010BC10 /* DoneContentView.swift */; };
		94272AA1288B01460010BC10 /* DoneListView.swift in Sources */ = {isa = PBXBuildFile; fileRef = 94272AA0288B01460010BC10 /* DoneListView.swift */; };
		94272AA3288B052C0010BC10 /* UIView+.swift in Sources */ = {isa = PBXBuildFile; fileRef = 94272AA2288B052C0010BC10 /* UIView+.swift */; };
		94272AA6288B31E50010BC10 /* FSCalendar in Frameworks */ = {isa = PBXBuildFile; productRef = 94272AA5288B31E50010BC10 /* FSCalendar */; };
		94272AAD288BB28B0010BC10 /* CalendarViewModel.swift in Sources */ = {isa = PBXBuildFile; fileRef = 94272AAC288BB28B0010BC10 /* CalendarViewModel.swift */; };
		94272AAF288BB4490010BC10 /* CalendarViewController.swift in Sources */ = {isa = PBXBuildFile; fileRef = 94272AAE288BB4490010BC10 /* CalendarViewController.swift */; };
		94272AB5288BEFBC0010BC10 /* DoneWriteView.swift in Sources */ = {isa = PBXBuildFile; fileRef = 94272AB4288BEFBC0010BC10 /* DoneWriteView.swift */; };
		94272AB9288BF27C0010BC10 /* DoneCreateViewModel.swift in Sources */ = {isa = PBXBuildFile; fileRef = 94272AB8288BF27C0010BC10 /* DoneCreateViewModel.swift */; };
		94272ABB288BF68A0010BC10 /* DoneCreateViewController.swift in Sources */ = {isa = PBXBuildFile; fileRef = 94272ABA288BF68A0010BC10 /* DoneCreateViewController.swift */; };
		94272ABD288BFD460010BC10 /* Category.swift in Sources */ = {isa = PBXBuildFile; fileRef = 94272ABC288BFD460010BC10 /* Category.swift */; };
		94272AC0288BFD9A0010BC10 /* CategoryCell.swift in Sources */ = {isa = PBXBuildFile; fileRef = 94272ABF288BFD9A0010BC10 /* CategoryCell.swift */; };
		94272AC2288C39B40010BC10 /* Combine+UIControl.swift in Sources */ = {isa = PBXBuildFile; fileRef = 94272AC1288C39B30010BC10 /* Combine+UIControl.swift */; };
		9461B92B28A3B64100E4F871 /* UserDefaults+.swift in Sources */ = {isa = PBXBuildFile; fileRef = 9461B92A28A3B64100E4F871 /* UserDefaults+.swift */; };
		9461B93028A3EEEB00E4F871 /* Application.swift in Sources */ = {isa = PBXBuildFile; fileRef = 9461B92F28A3EEEB00E4F871 /* Application.swift */; };
		9461B93428A3FFA600E4F871 /* Realm in Frameworks */ = {isa = PBXBuildFile; productRef = 9461B93328A3FFA600E4F871 /* Realm */; };
		9461B93628A3FFA600E4F871 /* RealmSwift in Frameworks */ = {isa = PBXBuildFile; productRef = 9461B93528A3FFA600E4F871 /* RealmSwift */; };
		9461B93928A4C18D00E4F871 /* DoneDAO.swift in Sources */ = {isa = PBXBuildFile; fileRef = 9461B93828A4C18D00E4F871 /* DoneDAO.swift */; };
		9461B93B28A4FE2500E4F871 /* CoordinatorProtocol.swift in Sources */ = {isa = PBXBuildFile; fileRef = 9461B93A28A4FE2500E4F871 /* CoordinatorProtocol.swift */; };
		9461B93D28A5015400E4F871 /* FontSize.swift in Sources */ = {isa = PBXBuildFile; fileRef = 9461B93C28A5015400E4F871 /* FontSize.swift */; };
		9461B93F28A5017900E4F871 /* FontManager.swift in Sources */ = {isa = PBXBuildFile; fileRef = 9461B93E28A5017900E4F871 /* FontManager.swift */; };
		9461B94228A5044200E4F871 /* UIImage+.swift in Sources */ = {isa = PBXBuildFile; fileRef = 9461B94128A5044200E4F871 /* UIImage+.swift */; };
		948A2906288CB0850055A031 /* DoneChartViewModel.swift in Sources */ = {isa = PBXBuildFile; fileRef = 948A2905288CB0850055A031 /* DoneChartViewModel.swift */; };
		948A2908288D33BB0055A031 /* ChartViewController.swift in Sources */ = {isa = PBXBuildFile; fileRef = 948A2907288D33BB0055A031 /* ChartViewController.swift */; };
		948A290A288D34390055A031 /* ChartSceneDIContainer.swift in Sources */ = {isa = PBXBuildFile; fileRef = 948A2909288D34380055A031 /* ChartSceneDIContainer.swift */; };
		948A290E288D36280055A031 /* ChartSceneCoordinator.swift in Sources */ = {isa = PBXBuildFile; fileRef = 948A290D288D36280055A031 /* ChartSceneCoordinator.swift */; };
		948A2910288D40D90055A031 /* DoneChartView.swift in Sources */ = {isa = PBXBuildFile; fileRef = 948A290F288D40D90055A031 /* DoneChartView.swift */; };
		948A2912288D45550055A031 /* WeekIndexView.swift in Sources */ = {isa = PBXBuildFile; fileRef = 948A2911288D45550055A031 /* WeekIndexView.swift */; };
		948A2914288D47D20055A031 /* LineChartView.swift in Sources */ = {isa = PBXBuildFile; fileRef = 948A2913288D47D20055A031 /* LineChartView.swift */; };
		948A2923289000940055A031 /* LineView.swift in Sources */ = {isa = PBXBuildFile; fileRef = 948A2922289000940055A031 /* LineView.swift */; };
		948A2925289001570055A031 /* Date+.swift in Sources */ = {isa = PBXBuildFile; fileRef = 948A2924289001570055A031 /* Date+.swift */; };
		948A299B2891BB700055A031 /* Combine+UIDatePicker.swift in Sources */ = {isa = PBXBuildFile; fileRef = 948A299A2891BB700055A031 /* Combine+UIDatePicker.swift */; };
		948A29B12891D1820055A031 /* Combine+UISwitch.swift in Sources */ = {isa = PBXBuildFile; fileRef = 948A29B02891D1820055A031 /* Combine+UISwitch.swift */; };
		948A29D02892A9C20055A031 /* Content.swift in Sources */ = {isa = PBXBuildFile; fileRef = 948A29CF2892A9C20055A031 /* Content.swift */; };
		948A29D92892B8310055A031 /* OpenSource.swift in Sources */ = {isa = PBXBuildFile; fileRef = 948A29D82892B8300055A031 /* OpenSource.swift */; };
		94BE34D62899D2FF0038BE68 /* UILabel+.swift in Sources */ = {isa = PBXBuildFile; fileRef = 94BE34D52899D2FF0038BE68 /* UILabel+.swift */; };
		94BE34D8289AAD440038BE68 /* UIColor+.swift in Sources */ = {isa = PBXBuildFile; fileRef = 94BE34D7289AAD440038BE68 /* UIColor+.swift */; };
		94F067FE289B9CBC00982832 /* ToastPresenter in Frameworks */ = {isa = PBXBuildFile; productRef = 94F067FD289B9CBC00982832 /* ToastPresenter */; };
		94F06800289D9AA200982832 /* UITableViewCell+.swift in Sources */ = {isa = PBXBuildFile; fileRef = 94F067FF289D9AA200982832 /* UITableViewCell+.swift */; };
/* End PBXBuildFile section */

/* Begin PBXFileReference section */
		9408675A289FE6A8009719C4 /* OpenSourceCell.swift */ = {isa = PBXFileReference; lastKnownFileType = sourcecode.swift; path = OpenSourceCell.swift; sourceTree = "<group>"; };
		9408675C289FE855009719C4 /* AppStoreCell.swift */ = {isa = PBXFileReference; lastKnownFileType = sourcecode.swift; path = AppStoreCell.swift; sourceTree = "<group>"; };
		9408675E289FEEA4009719C4 /* FontCell.swift */ = {isa = PBXFileReference; lastKnownFileType = sourcecode.swift; path = FontCell.swift; sourceTree = "<group>"; };
		9408676628A007FB009719C4 /* Mabinogi_Classic_OTF.otf */ = {isa = PBXFileReference; lastKnownFileType = file; path = Mabinogi_Classic_OTF.otf; sourceTree = "<group>"; };
		9408676728A007FB009719C4 /* ChosunCentennial_otf.otf */ = {isa = PBXFileReference; lastKnownFileType = file; path = ChosunCentennial_otf.otf; sourceTree = "<group>"; };
		9408676828A007FB009719C4 /* DalseoHealingMedium.otf */ = {isa = PBXFileReference; lastKnownFileType = file; path = DalseoHealingMedium.otf; sourceTree = "<group>"; };
		9408676E28A017E9009719C4 /* AppFont.swift */ = {isa = PBXFileReference; lastKnownFileType = sourcecode.swift; path = AppFont.swift; sourceTree = "<group>"; };
		9408677028A02C71009719C4 /* SettingViewModel.swift */ = {isa = PBXFileReference; lastKnownFileType = sourcecode.swift; path = SettingViewModel.swift; sourceTree = "<group>"; };
		94175073289FBAAA000EE6F5 /* SettingView.swift */ = {isa = PBXFileReference; lastKnownFileType = sourcecode.swift; path = SettingView.swift; sourceTree = "<group>"; };
		94175077289FC5AC000EE6F5 /* OpenSourceListView.swift */ = {isa = PBXFileReference; lastKnownFileType = sourcecode.swift; path = OpenSourceListView.swift; sourceTree = "<group>"; };
		94175079289FC5BC000EE6F5 /* OpenSourceListViewModel.swift */ = {isa = PBXFileReference; lastKnownFileType = sourcecode.swift; path = OpenSourceListViewModel.swift; sourceTree = "<group>"; };
		9417507C289FDFEE000EE6F5 /* OpenSourceView.swift */ = {isa = PBXFileReference; lastKnownFileType = sourcecode.swift; path = OpenSourceView.swift; sourceTree = "<group>"; };
		9417507E289FDFF6000EE6F5 /* OpenSourceViewModel.swift */ = {isa = PBXFileReference; lastKnownFileType = sourcecode.swift; path = OpenSourceViewModel.swift; sourceTree = "<group>"; };
		941D7D04288C5CA70071C2C7 /* Combine+UITextField.swift */ = {isa = PBXFileReference; lastKnownFileType = sourcecode.swift; path = "Combine+UITextField.swift"; sourceTree = "<group>"; };
		941D7D06288C5CC10071C2C7 /* Combine+UIButton.swift */ = {isa = PBXFileReference; lastKnownFileType = sourcecode.swift; path = "Combine+UIButton.swift"; sourceTree = "<group>"; };
		941D7D0B288C96E50071C2C7 /* DoneEditViewModel.swift */ = {isa = PBXFileReference; lastKnownFileType = sourcecode.swift; path = DoneEditViewModel.swift; sourceTree = "<group>"; };
		941D7D0D288C9A4C0071C2C7 /* DoneEditViewController.swift */ = {isa = PBXFileReference; lastKnownFileType = sourcecode.swift; path = DoneEditViewController.swift; sourceTree = "<group>"; };
		94272A25288AA0480010BC10 /* DoneList.app */ = {isa = PBXFileReference; explicitFileType = wrapper.application; includeInIndex = 0; path = DoneList.app; sourceTree = BUILT_PRODUCTS_DIR; };
		94272A28288AA0480010BC10 /* AppDelegate.swift */ = {isa = PBXFileReference; lastKnownFileType = sourcecode.swift; path = AppDelegate.swift; sourceTree = "<group>"; };
		94272A2A288AA0480010BC10 /* SceneDelegate.swift */ = {isa = PBXFileReference; lastKnownFileType = sourcecode.swift; path = SceneDelegate.swift; sourceTree = "<group>"; };
		94272A31288AA04A0010BC10 /* Assets.xcassets */ = {isa = PBXFileReference; lastKnownFileType = folder.assetcatalog; path = Assets.xcassets; sourceTree = "<group>"; };
		94272A34288AA04A0010BC10 /* Base */ = {isa = PBXFileReference; lastKnownFileType = file.storyboard; name = Base; path = Base.lproj/LaunchScreen.storyboard; sourceTree = "<group>"; };
		94272A36288AA04A0010BC10 /* Info.plist */ = {isa = PBXFileReference; lastKnownFileType = text.plist.xml; path = Info.plist; sourceTree = "<group>"; };
		94272A4A288AAE870010BC10 /* Done.swift */ = {isa = PBXFileReference; lastKnownFileType = sourcecode.swift; path = Done.swift; sourceTree = "<group>"; };
		94272A4C288AAF200010BC10 /* DoneStorageType.swift */ = {isa = PBXFileReference; lastKnownFileType = sourcecode.swift; path = DoneStorageType.swift; sourceTree = "<group>"; };
		94272A52288AB15D0010BC10 /* HTTPMethod.swift */ = {isa = PBXFileReference; lastKnownFileType = sourcecode.swift; path = HTTPMethod.swift; sourceTree = "<group>"; };
		94272A58288AB2410010BC10 /* EndPoint.swift */ = {isa = PBXFileReference; lastKnownFileType = sourcecode.swift; path = EndPoint.swift; sourceTree = "<group>"; };
		94272A5A288AB9F70010BC10 /* QuoteAPI.swift */ = {isa = PBXFileReference; lastKnownFileType = sourcecode.swift; path = QuoteAPI.swift; sourceTree = "<group>"; };
		94272A5C288AC5C00010BC10 /* APIProvider.swift */ = {isa = PBXFileReference; lastKnownFileType = sourcecode.swift; path = APIProvider.swift; sourceTree = "<group>"; };
		94272A5E288AC8B80010BC10 /* QuotesRepository.swift */ = {isa = PBXFileReference; lastKnownFileType = sourcecode.swift; path = QuotesRepository.swift; sourceTree = "<group>"; };
		94272A63288ACB560010BC10 /* Quote.swift */ = {isa = PBXFileReference; lastKnownFileType = sourcecode.swift; path = Quote.swift; sourceTree = "<group>"; };
		94272A66288ACBE70010BC10 /* QuotesRepositoryType.swift */ = {isa = PBXFileReference; lastKnownFileType = sourcecode.swift; path = QuotesRepositoryType.swift; sourceTree = "<group>"; };
		94272A6D288AD4810010BC10 /* FetchQuoteUseCase.swift */ = {isa = PBXFileReference; lastKnownFileType = sourcecode.swift; path = FetchQuoteUseCase.swift; sourceTree = "<group>"; };
		94272A77288AD9620010BC10 /* DoneRepositoryType.swift */ = {isa = PBXFileReference; lastKnownFileType = sourcecode.swift; path = DoneRepositoryType.swift; sourceTree = "<group>"; };
		94272A79288ADA050010BC10 /* DoneRepository.swift */ = {isa = PBXFileReference; lastKnownFileType = sourcecode.swift; path = DoneRepository.swift; sourceTree = "<group>"; };
		94272A7B288ADA7D0010BC10 /* DoneUseCase.swift */ = {isa = PBXFileReference; lastKnownFileType = sourcecode.swift; path = DoneUseCase.swift; sourceTree = "<group>"; };
		94272A7D288ADB6E0010BC10 /* AppDIContainer.swift */ = {isa = PBXFileReference; lastKnownFileType = sourcecode.swift; path = AppDIContainer.swift; sourceTree = "<group>"; };
		94272A7F288ADC450010BC10 /* DoneSceneDIContainer.swift */ = {isa = PBXFileReference; lastKnownFileType = sourcecode.swift; path = DoneSceneDIContainer.swift; sourceTree = "<group>"; };
		94272A83288ADD8C0010BC10 /* DoneListViewModel.swift */ = {isa = PBXFileReference; lastKnownFileType = sourcecode.swift; path = DoneListViewModel.swift; sourceTree = "<group>"; };
		94272A85288ADE690010BC10 /* DoneListViewController.swift */ = {isa = PBXFileReference; lastKnownFileType = sourcecode.swift; path = DoneListViewController.swift; sourceTree = "<group>"; };
		94272A87288AE0620010BC10 /* AppCoordinator.swift */ = {isa = PBXFileReference; lastKnownFileType = sourcecode.swift; path = AppCoordinator.swift; sourceTree = "<group>"; };
		94272A89288AE19F0010BC10 /* DoneSceneCoordinator.swift */ = {isa = PBXFileReference; lastKnownFileType = sourcecode.swift; path = DoneSceneCoordinator.swift; sourceTree = "<group>"; };
		94272A94288AFB860010BC10 /* DoneCell.swift */ = {isa = PBXFileReference; lastKnownFileType = sourcecode.swift; path = DoneCell.swift; sourceTree = "<group>"; };
		94272A97288AFD3E0010BC10 /* UIStackView+.swift */ = {isa = PBXFileReference; lastKnownFileType = sourcecode.swift; path = "UIStackView+.swift"; sourceTree = "<group>"; };
		94272A9C288AFFE80010BC10 /* DoneContentConfiguration.swift */ = {isa = PBXFileReference; lastKnownFileType = sourcecode.swift; path = DoneContentConfiguration.swift; sourceTree = "<group>"; };
		94272A9E288AFFF20010BC10 /* DoneContentView.swift */ = {isa = PBXFileReference; lastKnownFileType = sourcecode.swift; path = DoneContentView.swift; sourceTree = "<group>"; };
		94272AA0288B01460010BC10 /* DoneListView.swift */ = {isa = PBXFileReference; lastKnownFileType = sourcecode.swift; path = DoneListView.swift; sourceTree = "<group>"; };
		94272AA2288B052C0010BC10 /* UIView+.swift */ = {isa = PBXFileReference; lastKnownFileType = sourcecode.swift; path = "UIView+.swift"; sourceTree = "<group>"; };
		94272AAC288BB28B0010BC10 /* CalendarViewModel.swift */ = {isa = PBXFileReference; lastKnownFileType = sourcecode.swift; path = CalendarViewModel.swift; sourceTree = "<group>"; };
		94272AAE288BB4490010BC10 /* CalendarViewController.swift */ = {isa = PBXFileReference; lastKnownFileType = sourcecode.swift; path = CalendarViewController.swift; sourceTree = "<group>"; };
		94272AB4288BEFBC0010BC10 /* DoneWriteView.swift */ = {isa = PBXFileReference; lastKnownFileType = sourcecode.swift; path = DoneWriteView.swift; sourceTree = "<group>"; };
		94272AB8288BF27C0010BC10 /* DoneCreateViewModel.swift */ = {isa = PBXFileReference; lastKnownFileType = sourcecode.swift; path = DoneCreateViewModel.swift; sourceTree = "<group>"; };
		94272ABA288BF68A0010BC10 /* DoneCreateViewController.swift */ = {isa = PBXFileReference; lastKnownFileType = sourcecode.swift; path = DoneCreateViewController.swift; sourceTree = "<group>"; };
		94272ABC288BFD460010BC10 /* Category.swift */ = {isa = PBXFileReference; lastKnownFileType = sourcecode.swift; path = Category.swift; sourceTree = "<group>"; };
		94272ABF288BFD9A0010BC10 /* CategoryCell.swift */ = {isa = PBXFileReference; lastKnownFileType = sourcecode.swift; path = CategoryCell.swift; sourceTree = "<group>"; };
		94272AC1288C39B30010BC10 /* Combine+UIControl.swift */ = {isa = PBXFileReference; lastKnownFileType = sourcecode.swift; path = "Combine+UIControl.swift"; sourceTree = "<group>"; };
		9461B92A28A3B64100E4F871 /* UserDefaults+.swift */ = {isa = PBXFileReference; lastKnownFileType = sourcecode.swift; path = "UserDefaults+.swift"; sourceTree = "<group>"; };
		9461B92F28A3EEEB00E4F871 /* Application.swift */ = {isa = PBXFileReference; lastKnownFileType = sourcecode.swift; path = Application.swift; sourceTree = "<group>"; };
		9461B93828A4C18D00E4F871 /* DoneDAO.swift */ = {isa = PBXFileReference; lastKnownFileType = sourcecode.swift; path = DoneDAO.swift; sourceTree = "<group>"; };
		9461B93A28A4FE2500E4F871 /* CoordinatorProtocol.swift */ = {isa = PBXFileReference; lastKnownFileType = sourcecode.swift; path = CoordinatorProtocol.swift; sourceTree = "<group>"; };
		9461B93C28A5015400E4F871 /* FontSize.swift */ = {isa = PBXFileReference; lastKnownFileType = sourcecode.swift; path = FontSize.swift; sourceTree = "<group>"; };
		9461B93E28A5017900E4F871 /* FontManager.swift */ = {isa = PBXFileReference; lastKnownFileType = sourcecode.swift; path = FontManager.swift; sourceTree = "<group>"; };
		9461B94128A5044200E4F871 /* UIImage+.swift */ = {isa = PBXFileReference; lastKnownFileType = sourcecode.swift; path = "UIImage+.swift"; sourceTree = "<group>"; };
		948A2905288CB0850055A031 /* DoneChartViewModel.swift */ = {isa = PBXFileReference; lastKnownFileType = sourcecode.swift; path = DoneChartViewModel.swift; sourceTree = "<group>"; };
		948A2907288D33BB0055A031 /* ChartViewController.swift */ = {isa = PBXFileReference; lastKnownFileType = sourcecode.swift; path = ChartViewController.swift; sourceTree = "<group>"; };
		948A2909288D34380055A031 /* ChartSceneDIContainer.swift */ = {isa = PBXFileReference; lastKnownFileType = sourcecode.swift; path = ChartSceneDIContainer.swift; sourceTree = "<group>"; };
		948A290D288D36280055A031 /* ChartSceneCoordinator.swift */ = {isa = PBXFileReference; lastKnownFileType = sourcecode.swift; path = ChartSceneCoordinator.swift; sourceTree = "<group>"; };
		948A290F288D40D90055A031 /* DoneChartView.swift */ = {isa = PBXFileReference; lastKnownFileType = sourcecode.swift; path = DoneChartView.swift; sourceTree = "<group>"; };
		948A2911288D45550055A031 /* WeekIndexView.swift */ = {isa = PBXFileReference; lastKnownFileType = sourcecode.swift; path = WeekIndexView.swift; sourceTree = "<group>"; };
		948A2913288D47D20055A031 /* LineChartView.swift */ = {isa = PBXFileReference; lastKnownFileType = sourcecode.swift; path = LineChartView.swift; sourceTree = "<group>"; };
		948A2922289000940055A031 /* LineView.swift */ = {isa = PBXFileReference; lastKnownFileType = sourcecode.swift; path = LineView.swift; sourceTree = "<group>"; };
		948A2924289001570055A031 /* Date+.swift */ = {isa = PBXFileReference; lastKnownFileType = sourcecode.swift; path = "Date+.swift"; sourceTree = "<group>"; };
		948A299A2891BB700055A031 /* Combine+UIDatePicker.swift */ = {isa = PBXFileReference; lastKnownFileType = sourcecode.swift; path = "Combine+UIDatePicker.swift"; sourceTree = "<group>"; };
		948A29B02891D1820055A031 /* Combine+UISwitch.swift */ = {isa = PBXFileReference; lastKnownFileType = sourcecode.swift; path = "Combine+UISwitch.swift"; sourceTree = "<group>"; };
		948A29CF2892A9C20055A031 /* Content.swift */ = {isa = PBXFileReference; lastKnownFileType = sourcecode.swift; path = Content.swift; sourceTree = "<group>"; };
		948A29D82892B8300055A031 /* OpenSource.swift */ = {isa = PBXFileReference; lastKnownFileType = sourcecode.swift; path = OpenSource.swift; sourceTree = "<group>"; };
		94BE34D52899D2FF0038BE68 /* UILabel+.swift */ = {isa = PBXFileReference; lastKnownFileType = sourcecode.swift; path = "UILabel+.swift"; sourceTree = "<group>"; };
		94BE34D7289AAD440038BE68 /* UIColor+.swift */ = {isa = PBXFileReference; lastKnownFileType = sourcecode.swift; path = "UIColor+.swift"; sourceTree = "<group>"; };
		94F067FF289D9AA200982832 /* UITableViewCell+.swift */ = {isa = PBXFileReference; lastKnownFileType = sourcecode.swift; path = "UITableViewCell+.swift"; sourceTree = "<group>"; };
/* End PBXFileReference section */

/* Begin PBXFrameworksBuildPhase section */
		94272A22288AA0480010BC10 /* Frameworks */ = {
			isa = PBXFrameworksBuildPhase;
			buildActionMask = 2147483647;
			files = (
				94272A9B288AFDF20010BC10 /* SnapKit in Frameworks */,
				94272AA6288B31E50010BC10 /* FSCalendar in Frameworks */,
				9461B93428A3FFA600E4F871 /* Realm in Frameworks */,
				9461B93628A3FFA600E4F871 /* RealmSwift in Frameworks */,
				94F067FE289B9CBC00982832 /* ToastPresenter in Frameworks */,
			);
			runOnlyForDeploymentPostprocessing = 0;
		};
/* End PBXFrameworksBuildPhase section */

/* Begin PBXGroup section */
		94086759289FE68D009719C4 /* Cell */ = {
			isa = PBXGroup;
			children = (
				9408675A289FE6A8009719C4 /* OpenSourceCell.swift */,
				9408675C289FE855009719C4 /* AppStoreCell.swift */,
				9408675E289FEEA4009719C4 /* FontCell.swift */,
			);
			path = Cell;
			sourceTree = "<group>";
		};
		9408676528A007EF009719C4 /* Font */ = {
			isa = PBXGroup;
			children = (
				9408676728A007FB009719C4 /* ChosunCentennial_otf.otf */,
				9408676828A007FB009719C4 /* DalseoHealingMedium.otf */,
				9408676628A007FB009719C4 /* Mabinogi_Classic_OTF.otf */,
			);
			path = Font;
			sourceTree = "<group>";
		};
		9408676D28A017E0009719C4 /* Font */ = {
			isa = PBXGroup;
			children = (
				9461B93C28A5015400E4F871 /* FontSize.swift */,
				9408676E28A017E9009719C4 /* AppFont.swift */,
				9461B93E28A5017900E4F871 /* FontManager.swift */,
			);
			path = Font;
			sourceTree = "<group>";
		};
		94175075289FC562000EE6F5 /* OpenSourceList */ = {
			isa = PBXGroup;
			children = (
				94175077289FC5AC000EE6F5 /* OpenSourceListView.swift */,
				94175079289FC5BC000EE6F5 /* OpenSourceListViewModel.swift */,
				9417507B289FDFD0000EE6F5 /* OpenSource */,
			);
			path = OpenSourceList;
			sourceTree = "<group>";
		};
		9417507B289FDFD0000EE6F5 /* OpenSource */ = {
			isa = PBXGroup;
			children = (
				9417507C289FDFEE000EE6F5 /* OpenSourceView.swift */,
				9417507E289FDFF6000EE6F5 /* OpenSourceViewModel.swift */,
			);
			path = OpenSource;
			sourceTree = "<group>";
		};
		94175080289FE5C0000EE6F5 /* Setting */ = {
			isa = PBXGroup;
			children = (
				94175073289FBAAA000EE6F5 /* SettingView.swift */,
				9408677028A02C71009719C4 /* SettingViewModel.swift */,
				94086759289FE68D009719C4 /* Cell */,
				94175075289FC562000EE6F5 /* OpenSourceList */,
			);
			path = Setting;
			sourceTree = "<group>";
		};
		941D7D08288C96CA0071C2C7 /* DoneEditView */ = {
			isa = PBXGroup;
			children = (
				941D7D0A288C96DB0071C2C7 /* View */,
				941D7D09288C96D20071C2C7 /* ViewModel */,
			);
			path = DoneEditView;
			sourceTree = "<group>";
		};
		941D7D09288C96D20071C2C7 /* ViewModel */ = {
			isa = PBXGroup;
			children = (
				941D7D0B288C96E50071C2C7 /* DoneEditViewModel.swift */,
			);
			path = ViewModel;
			sourceTree = "<group>";
		};
		941D7D0A288C96DB0071C2C7 /* View */ = {
			isa = PBXGroup;
			children = (
				941D7D0D288C9A4C0071C2C7 /* DoneEditViewController.swift */,
			);
			path = View;
			sourceTree = "<group>";
		};
		941D7D13288CAFBD0071C2C7 /* DoneChartScene */ = {
			isa = PBXGroup;
			children = (
				941D7D16288CAFFF0071C2C7 /* View */,
				941D7D17288CB0040071C2C7 /* ViewModel */,
			);
			path = DoneChartScene;
			sourceTree = "<group>";
		};
		941D7D16288CAFFF0071C2C7 /* View */ = {
			isa = PBXGroup;
			children = (
				948A2907288D33BB0055A031 /* ChartViewController.swift */,
				948A290F288D40D90055A031 /* DoneChartView.swift */,
				948A2911288D45550055A031 /* WeekIndexView.swift */,
				948A29212890007F0055A031 /* LineChart */,
			);
			path = View;
			sourceTree = "<group>";
		};
		941D7D17288CB0040071C2C7 /* ViewModel */ = {
			isa = PBXGroup;
			children = (
				948A2905288CB0850055A031 /* DoneChartViewModel.swift */,
			);
			path = ViewModel;
			sourceTree = "<group>";
		};
		94272A1C288AA0480010BC10 = {
			isa = PBXGroup;
			children = (
				94272A27288AA0480010BC10 /* DoneList */,
				94272A26288AA0480010BC10 /* Products */,
			);
			sourceTree = "<group>";
		};
		94272A26288AA0480010BC10 /* Products */ = {
			isa = PBXGroup;
			children = (
				94272A25288AA0480010BC10 /* DoneList.app */,
			);
			name = Products;
			sourceTree = "<group>";
		};
		94272A27288AA0480010BC10 /* DoneList */ = {
			isa = PBXGroup;
			children = (
				94272A3D288AA0B70010BC10 /* Application */,
				94272A3E288AA2770010BC10 /* Presentation */,
				94272A3F288AA2970010BC10 /* Domain */,
				94272A40288AA2A10010BC10 /* Data */,
				94272A4F288AB0990010BC10 /* Network */,
				94272A41288AA2A90010BC10 /* Utils */,
				94272A3C288AA0A60010BC10 /* Resource */,
			);
			path = DoneList;
			sourceTree = "<group>";
		};
		94272A3C288AA0A60010BC10 /* Resource */ = {
			isa = PBXGroup;
			children = (
				9408676528A007EF009719C4 /* Font */,
				94272A31288AA04A0010BC10 /* Assets.xcassets */,
				94272A33288AA04A0010BC10 /* LaunchScreen.storyboard */,
				94272A36288AA04A0010BC10 /* Info.plist */,
			);
			path = Resource;
			sourceTree = "<group>";
		};
		94272A3D288AA0B70010BC10 /* Application */ = {
			isa = PBXGroup;
			children = (
				94272A28288AA0480010BC10 /* AppDelegate.swift */,
				94272A2A288AA0480010BC10 /* SceneDelegate.swift */,
				94272A42288AA2DF0010BC10 /* DIContainer */,
			);
			path = Application;
			sourceTree = "<group>";
		};
		94272A3E288AA2770010BC10 /* Presentation */ = {
			isa = PBXGroup;
			children = (
				94272A43288AA2E90010BC10 /* Coordinator */,
				94272A81288ADD660010BC10 /* Scenes */,
			);
			path = Presentation;
			sourceTree = "<group>";
		};
		94272A3F288AA2970010BC10 /* Domain */ = {
			isa = PBXGroup;
			children = (
				94272A45288AA3160010BC10 /* Entity */,
				94272A46288AA31C0010BC10 /* UseCase */,
				94272A65288ACBCC0010BC10 /* RepositoryInterface */,
			);
			path = Domain;
			sourceTree = "<group>";
		};
		94272A40288AA2A10010BC10 /* Data */ = {
			isa = PBXGroup;
			children = (
				94272A48288AA32D0010BC10 /* Repository */,
				94272A49288AA3340010BC10 /* Storage */,
			);
			path = Data;
			sourceTree = "<group>";
		};
		94272A41288AA2A90010BC10 /* Utils */ = {
			isa = PBXGroup;
			children = (
				948A29972891AA430055A031 /* Common */,
				94272A96288AFD250010BC10 /* Extension */,
				94272A74288AD8930010BC10 /* Combine */,
			);
			path = Utils;
			sourceTree = "<group>";
		};
		94272A42288AA2DF0010BC10 /* DIContainer */ = {
			isa = PBXGroup;
			children = (
				94272A7D288ADB6E0010BC10 /* AppDIContainer.swift */,
				94272A7F288ADC450010BC10 /* DoneSceneDIContainer.swift */,
				948A2909288D34380055A031 /* ChartSceneDIContainer.swift */,
			);
			path = DIContainer;
			sourceTree = "<group>";
		};
		94272A43288AA2E90010BC10 /* Coordinator */ = {
			isa = PBXGroup;
			children = (
				9461B93A28A4FE2500E4F871 /* CoordinatorProtocol.swift */,
				94272A87288AE0620010BC10 /* AppCoordinator.swift */,
				94272A89288AE19F0010BC10 /* DoneSceneCoordinator.swift */,
				948A290D288D36280055A031 /* ChartSceneCoordinator.swift */,
			);
			path = Coordinator;
			sourceTree = "<group>";
		};
		94272A45288AA3160010BC10 /* Entity */ = {
			isa = PBXGroup;
			children = (
				9461B93728A4C18200E4F871 /* Realm */,
				948A29D82892B8300055A031 /* OpenSource.swift */,
				94272A4A288AAE870010BC10 /* Done.swift */,
				948A29CF2892A9C20055A031 /* Content.swift */,
				94272A63288ACB560010BC10 /* Quote.swift */,
				94272ABC288BFD460010BC10 /* Category.swift */,
			);
			path = Entity;
			sourceTree = "<group>";
		};
		94272A46288AA31C0010BC10 /* UseCase */ = {
			isa = PBXGroup;
			children = (
				94272A6D288AD4810010BC10 /* FetchQuoteUseCase.swift */,
				94272A7B288ADA7D0010BC10 /* DoneUseCase.swift */,
			);
			path = UseCase;
			sourceTree = "<group>";
		};
		94272A48288AA32D0010BC10 /* Repository */ = {
			isa = PBXGroup;
			children = (
				94272A5E288AC8B80010BC10 /* QuotesRepository.swift */,
				94272A79288ADA050010BC10 /* DoneRepository.swift */,
			);
			path = Repository;
			sourceTree = "<group>";
		};
		94272A49288AA3340010BC10 /* Storage */ = {
			isa = PBXGroup;
			children = (
				94272A4C288AAF200010BC10 /* DoneStorageType.swift */,
			);
			path = Storage;
			sourceTree = "<group>";
		};
		94272A4F288AB0990010BC10 /* Network */ = {
			isa = PBXGroup;
			children = (
				94272A55288AB1D40010BC10 /* APIProvider */,
				94272A54288AB1C90010BC10 /* EndPoint */,
			);
			path = Network;
			sourceTree = "<group>";
		};
		94272A54288AB1C90010BC10 /* EndPoint */ = {
			isa = PBXGroup;
			children = (
				94272A52288AB15D0010BC10 /* HTTPMethod.swift */,
				94272A58288AB2410010BC10 /* EndPoint.swift */,
				94272A5A288AB9F70010BC10 /* QuoteAPI.swift */,
			);
			path = EndPoint;
			sourceTree = "<group>";
		};
		94272A55288AB1D40010BC10 /* APIProvider */ = {
			isa = PBXGroup;
			children = (
				94272A5C288AC5C00010BC10 /* APIProvider.swift */,
			);
			path = APIProvider;
			sourceTree = "<group>";
		};
		94272A65288ACBCC0010BC10 /* RepositoryInterface */ = {
			isa = PBXGroup;
			children = (
				94272A77288AD9620010BC10 /* DoneRepositoryType.swift */,
				94272A66288ACBE70010BC10 /* QuotesRepositoryType.swift */,
			);
			path = RepositoryInterface;
			sourceTree = "<group>";
		};
		94272A74288AD8930010BC10 /* Combine */ = {
			isa = PBXGroup;
			children = (
				94272AC3288C39DF0010BC10 /* Publisher */,
			);
			path = Combine;
			sourceTree = "<group>";
		};
		94272A81288ADD660010BC10 /* Scenes */ = {
			isa = PBXGroup;
			children = (
				948A2929289052F40055A031 /* DoneSettingScene */,
				941D7D13288CAFBD0071C2C7 /* DoneChartScene */,
				94272AA7288B32090010BC10 /* DoneScene */,
			);
			path = Scenes;
			sourceTree = "<group>";
		};
		94272A82288ADD7D0010BC10 /* DoneListView */ = {
			isa = PBXGroup;
			children = (
				94272A8F288AFAE90010BC10 /* View */,
				94272A90288AFAEE0010BC10 /* ViewModel */,
			);
			path = DoneListView;
			sourceTree = "<group>";
		};
		94272A8F288AFAE90010BC10 /* View */ = {
			isa = PBXGroup;
			children = (
				94272A85288ADE690010BC10 /* DoneListViewController.swift */,
				94272AA0288B01460010BC10 /* DoneListView.swift */,
				94272A93288AFB450010BC10 /* Cell */,
			);
			path = View;
			sourceTree = "<group>";
		};
		94272A90288AFAEE0010BC10 /* ViewModel */ = {
			isa = PBXGroup;
			children = (
				94272A83288ADD8C0010BC10 /* DoneListViewModel.swift */,
			);
			path = ViewModel;
			sourceTree = "<group>";
		};
		94272A93288AFB450010BC10 /* Cell */ = {
			isa = PBXGroup;
			children = (
				94272A94288AFB860010BC10 /* DoneCell.swift */,
				94272A9C288AFFE80010BC10 /* DoneContentConfiguration.swift */,
				94272A9E288AFFF20010BC10 /* DoneContentView.swift */,
			);
			path = Cell;
			sourceTree = "<group>";
		};
		94272A96288AFD250010BC10 /* Extension */ = {
			isa = PBXGroup;
			children = (
				94F067FF289D9AA200982832 /* UITableViewCell+.swift */,
				94272A97288AFD3E0010BC10 /* UIStackView+.swift */,
				94BE34D52899D2FF0038BE68 /* UILabel+.swift */,
				94272AA2288B052C0010BC10 /* UIView+.swift */,
				948A2924289001570055A031 /* Date+.swift */,
				94BE34D7289AAD440038BE68 /* UIColor+.swift */,
				9461B94128A5044200E4F871 /* UIImage+.swift */,
			);
			path = Extension;
			sourceTree = "<group>";
		};
		94272AA7288B32090010BC10 /* DoneScene */ = {
			isa = PBXGroup;
			children = (
				94272A82288ADD7D0010BC10 /* DoneListView */,
				94272AA8288B32220010BC10 /* CalendarView */,
				94272AB0288BEF7B0010BC10 /* DoneWriteView */,
			);
			path = DoneScene;
			sourceTree = "<group>";
		};
		94272AA8288B32220010BC10 /* CalendarView */ = {
			isa = PBXGroup;
			children = (
				94272AA9288B32490010BC10 /* View */,
				94272AAA288B324E0010BC10 /* ViewModel */,
			);
			path = CalendarView;
			sourceTree = "<group>";
		};
		94272AA9288B32490010BC10 /* View */ = {
			isa = PBXGroup;
			children = (
				94272AAE288BB4490010BC10 /* CalendarViewController.swift */,
			);
			path = View;
			sourceTree = "<group>";
		};
		94272AAA288B324E0010BC10 /* ViewModel */ = {
			isa = PBXGroup;
			children = (
				94272AAC288BB28B0010BC10 /* CalendarViewModel.swift */,
			);
			path = ViewModel;
			sourceTree = "<group>";
		};
		94272AB0288BEF7B0010BC10 /* DoneWriteView */ = {
			isa = PBXGroup;
			children = (
				94272AB4288BEFBC0010BC10 /* DoneWriteView.swift */,
				94272ABF288BFD9A0010BC10 /* CategoryCell.swift */,
				94272AB1288BEF910010BC10 /* DoneCreateView */,
				941D7D08288C96CA0071C2C7 /* DoneEditView */,
			);
			path = DoneWriteView;
			sourceTree = "<group>";
		};
		94272AB1288BEF910010BC10 /* DoneCreateView */ = {
			isa = PBXGroup;
			children = (
				94272AB3288BEFA40010BC10 /* View */,
				94272AB2288BEF9D0010BC10 /* ViewModel */,
			);
			path = DoneCreateView;
			sourceTree = "<group>";
		};
		94272AB2288BEF9D0010BC10 /* ViewModel */ = {
			isa = PBXGroup;
			children = (
				94272AB8288BF27C0010BC10 /* DoneCreateViewModel.swift */,
			);
			path = ViewModel;
			sourceTree = "<group>";
		};
		94272AB3288BEFA40010BC10 /* View */ = {
			isa = PBXGroup;
			children = (
				94272ABA288BF68A0010BC10 /* DoneCreateViewController.swift */,
			);
			path = View;
			sourceTree = "<group>";
		};
		94272AC3288C39DF0010BC10 /* Publisher */ = {
			isa = PBXGroup;
			children = (
				94272AC1288C39B30010BC10 /* Combine+UIControl.swift */,
				941D7D06288C5CC10071C2C7 /* Combine+UIButton.swift */,
				941D7D04288C5CA70071C2C7 /* Combine+UITextField.swift */,
				948A299A2891BB700055A031 /* Combine+UIDatePicker.swift */,
				948A29B02891D1820055A031 /* Combine+UISwitch.swift */,
			);
			path = Publisher;
			sourceTree = "<group>";
		};
		9461B92928A3B63700E4F871 /* UserDefaults */ = {
			isa = PBXGroup;
			children = (
				9461B92A28A3B64100E4F871 /* UserDefaults+.swift */,
			);
			path = UserDefaults;
			sourceTree = "<group>";
		};
		9461B93728A4C18200E4F871 /* Realm */ = {
			isa = PBXGroup;
			children = (
				9461B93828A4C18D00E4F871 /* DoneDAO.swift */,
			);
			path = Realm;
			sourceTree = "<group>";
		};
		9461B94028A503DD00E4F871 /* DesignSystem */ = {
			isa = PBXGroup;
			children = (
			);
			path = DesignSystem;
			sourceTree = "<group>";
		};
		948A29212890007F0055A031 /* LineChart */ = {
			isa = PBXGroup;
			children = (
				948A2913288D47D20055A031 /* LineChartView.swift */,
				948A2922289000940055A031 /* LineView.swift */,
			);
			path = LineChart;
			sourceTree = "<group>";
		};
		948A2929289052F40055A031 /* DoneSettingScene */ = {
			isa = PBXGroup;
			children = (
				94175080289FE5C0000EE6F5 /* Setting */,
			);
			path = DoneSettingScene;
			sourceTree = "<group>";
		};
		948A29972891AA430055A031 /* Common */ = {
			isa = PBXGroup;
			children = (
				9461B94028A503DD00E4F871 /* DesignSystem */,
				9461B92928A3B63700E4F871 /* UserDefaults */,
				9408676D28A017E0009719C4 /* Font */,
				9461B92F28A3EEEB00E4F871 /* Application.swift */,
			);
			path = Common;
			sourceTree = "<group>";
		};
/* End PBXGroup section */

/* Begin PBXNativeTarget section */
		94272A24288AA0480010BC10 /* DoneList */ = {
			isa = PBXNativeTarget;
			buildConfigurationList = 94272A39288AA04A0010BC10 /* Build configuration list for PBXNativeTarget "DoneList" */;
			buildPhases = (
				94272A21288AA0480010BC10 /* Sources */,
				94272A22288AA0480010BC10 /* Frameworks */,
				94272A23288AA0480010BC10 /* Resources */,
			);
			buildRules = (
			);
			dependencies = (
			);
			name = DoneList;
			packageProductDependencies = (
				94272A9A288AFDF20010BC10 /* SnapKit */,
				94272AA5288B31E50010BC10 /* FSCalendar */,
				94F067FD289B9CBC00982832 /* ToastPresenter */,
				9461B93328A3FFA600E4F871 /* Realm */,
				9461B93528A3FFA600E4F871 /* RealmSwift */,
			);
			productName = DoneList;
			productReference = 94272A25288AA0480010BC10 /* DoneList.app */;
			productType = "com.apple.product-type.application";
		};
/* End PBXNativeTarget section */

/* Begin PBXProject section */
		94272A1D288AA0480010BC10 /* Project object */ = {
			isa = PBXProject;
			attributes = {
				BuildIndependentTargetsInParallel = 1;
				LastSwiftUpdateCheck = 1340;
				LastUpgradeCheck = 1340;
				TargetAttributes = {
					94272A24288AA0480010BC10 = {
						CreatedOnToolsVersion = 13.4.1;
					};
				};
			};
			buildConfigurationList = 94272A20288AA0480010BC10 /* Build configuration list for PBXProject "DoneList" */;
			compatibilityVersion = "Xcode 13.0";
			developmentRegion = en;
			hasScannedForEncodings = 0;
			knownRegions = (
				en,
				Base,
			);
			mainGroup = 94272A1C288AA0480010BC10;
			packageReferences = (
				94272A99288AFDF20010BC10 /* XCRemoteSwiftPackageReference "SnapKit" */,
				94272AA4288B31E50010BC10 /* XCRemoteSwiftPackageReference "FSCalendar" */,
				94F067FC289B9CBC00982832 /* XCRemoteSwiftPackageReference "ToastPresenter" */,
				9461B93228A3FFA600E4F871 /* XCRemoteSwiftPackageReference "realm-swift" */,
			);
			productRefGroup = 94272A26288AA0480010BC10 /* Products */;
			projectDirPath = "";
			projectRoot = "";
			targets = (
				94272A24288AA0480010BC10 /* DoneList */,
			);
		};
/* End PBXProject section */

/* Begin PBXResourcesBuildPhase section */
		94272A23288AA0480010BC10 /* Resources */ = {
			isa = PBXResourcesBuildPhase;
			buildActionMask = 2147483647;
			files = (
				9408676A28A007FB009719C4 /* ChosunCentennial_otf.otf in Resources */,
				9408676B28A007FB009719C4 /* DalseoHealingMedium.otf in Resources */,
				94272A35288AA04A0010BC10 /* LaunchScreen.storyboard in Resources */,
				9408676928A007FB009719C4 /* Mabinogi_Classic_OTF.otf in Resources */,
				94272A32288AA04A0010BC10 /* Assets.xcassets in Resources */,
			);
			runOnlyForDeploymentPostprocessing = 0;
		};
/* End PBXResourcesBuildPhase section */

/* Begin PBXSourcesBuildPhase section */
		94272A21288AA0480010BC10 /* Sources */ = {
			isa = PBXSourcesBuildPhase;
			buildActionMask = 2147483647;
			files = (
				9408677128A02C71009719C4 /* SettingViewModel.swift in Sources */,
				948A2925289001570055A031 /* Date+.swift in Sources */,
				94175078289FC5AC000EE6F5 /* OpenSourceListView.swift in Sources */,
				9461B93028A3EEEB00E4F871 /* Application.swift in Sources */,
				94272AAF288BB4490010BC10 /* CalendarViewController.swift in Sources */,
				94272A9F288AFFF20010BC10 /* DoneContentView.swift in Sources */,
				9461B93928A4C18D00E4F871 /* DoneDAO.swift in Sources */,
				94272A86288ADE690010BC10 /* DoneListViewController.swift in Sources */,
				9408675F289FEEA4009719C4 /* FontCell.swift in Sources */,
				948A2912288D45550055A031 /* WeekIndexView.swift in Sources */,
				94272A59288AB2420010BC10 /* EndPoint.swift in Sources */,
				94272A80288ADC450010BC10 /* DoneSceneDIContainer.swift in Sources */,
				948A29D92892B8310055A031 /* OpenSource.swift in Sources */,
				94272A5D288AC5C00010BC10 /* APIProvider.swift in Sources */,
				94272AB5288BEFBC0010BC10 /* DoneWriteView.swift in Sources */,
				94272A67288ACBE70010BC10 /* QuotesRepositoryType.swift in Sources */,
				94272A29288AA0480010BC10 /* AppDelegate.swift in Sources */,
				9461B93B28A4FE2500E4F871 /* CoordinatorProtocol.swift in Sources */,
				948A2914288D47D20055A031 /* LineChartView.swift in Sources */,
				94272AC2288C39B40010BC10 /* Combine+UIControl.swift in Sources */,
				948A29D02892A9C20055A031 /* Content.swift in Sources */,
				9461B93F28A5017900E4F871 /* FontManager.swift in Sources */,
				941D7D0E288C9A4C0071C2C7 /* DoneEditViewController.swift in Sources */,
				941D7D0C288C96E50071C2C7 /* DoneEditViewModel.swift in Sources */,
				94272A9D288AFFE80010BC10 /* DoneContentConfiguration.swift in Sources */,
				941D7D05288C5CA70071C2C7 /* Combine+UITextField.swift in Sources */,
				94272A95288AFB860010BC10 /* DoneCell.swift in Sources */,
				94BE34D8289AAD440038BE68 /* UIColor+.swift in Sources */,
				94272ABD288BFD460010BC10 /* Category.swift in Sources */,
				94272A98288AFD3E0010BC10 /* UIStackView+.swift in Sources */,
				94BE34D62899D2FF0038BE68 /* UILabel+.swift in Sources */,
				9408676F28A017E9009719C4 /* AppFont.swift in Sources */,
				94272A84288ADD8C0010BC10 /* DoneListViewModel.swift in Sources */,
				9408675D289FE855009719C4 /* AppStoreCell.swift in Sources */,
				94272A4D288AAF200010BC10 /* DoneStorageType.swift in Sources */,
				948A2906288CB0850055A031 /* DoneChartViewModel.swift in Sources */,
				94272A4B288AAE880010BC10 /* Done.swift in Sources */,
				94272A5B288AB9F70010BC10 /* QuoteAPI.swift in Sources */,
				948A2910288D40D90055A031 /* DoneChartView.swift in Sources */,
				94272A88288AE0620010BC10 /* AppCoordinator.swift in Sources */,
				9417507F289FDFF6000EE6F5 /* OpenSourceViewModel.swift in Sources */,
				94272A6E288AD4820010BC10 /* FetchQuoteUseCase.swift in Sources */,
				9461B93D28A5015400E4F871 /* FontSize.swift in Sources */,
				948A290E288D36280055A031 /* ChartSceneCoordinator.swift in Sources */,
				941D7D07288C5CC10071C2C7 /* Combine+UIButton.swift in Sources */,
				948A2908288D33BB0055A031 /* ChartViewController.swift in Sources */,
				94272AA3288B052C0010BC10 /* UIView+.swift in Sources */,
				948A29B12891D1820055A031 /* Combine+UISwitch.swift in Sources */,
				9417507A289FC5BC000EE6F5 /* OpenSourceListViewModel.swift in Sources */,
				94272A53288AB15D0010BC10 /* HTTPMethod.swift in Sources */,
				9417507D289FDFEE000EE6F5 /* OpenSourceView.swift in Sources */,
				94272A2B288AA0480010BC10 /* SceneDelegate.swift in Sources */,
				94272A5F288AC8B80010BC10 /* QuotesRepository.swift in Sources */,
				94272A7E288ADB6E0010BC10 /* AppDIContainer.swift in Sources */,
				94272AC0288BFD9A0010BC10 /* CategoryCell.swift in Sources */,
				94272A7C288ADA7D0010BC10 /* DoneUseCase.swift in Sources */,
				94272A8A288AE19F0010BC10 /* DoneSceneCoordinator.swift in Sources */,
				94272A7A288ADA050010BC10 /* DoneRepository.swift in Sources */,
				9408675B289FE6A8009719C4 /* OpenSourceCell.swift in Sources */,
				94272AB9288BF27C0010BC10 /* DoneCreateViewModel.swift in Sources */,
				9461B92B28A3B64100E4F871 /* UserDefaults+.swift in Sources */,
				94272A78288AD9620010BC10 /* DoneRepositoryType.swift in Sources */,
				94F06800289D9AA200982832 /* UITableViewCell+.swift in Sources */,
				948A290A288D34390055A031 /* ChartSceneDIContainer.swift in Sources */,
				948A299B2891BB700055A031 /* Combine+UIDatePicker.swift in Sources */,
				94272AA1288B01460010BC10 /* DoneListView.swift in Sources */,
				948A2923289000940055A031 /* LineView.swift in Sources */,
				94272AAD288BB28B0010BC10 /* CalendarViewModel.swift in Sources */,
				94175074289FBAAA000EE6F5 /* SettingView.swift in Sources */,
				9461B94228A5044200E4F871 /* UIImage+.swift in Sources */,
				94272A64288ACB560010BC10 /* Quote.swift in Sources */,
				94272ABB288BF68A0010BC10 /* DoneCreateViewController.swift in Sources */,
			);
			runOnlyForDeploymentPostprocessing = 0;
		};
/* End PBXSourcesBuildPhase section */

/* Begin PBXVariantGroup section */
		94272A33288AA04A0010BC10 /* LaunchScreen.storyboard */ = {
			isa = PBXVariantGroup;
			children = (
				94272A34288AA04A0010BC10 /* Base */,
			);
			name = LaunchScreen.storyboard;
			sourceTree = "<group>";
		};
/* End PBXVariantGroup section */

/* Begin XCBuildConfiguration section */
		94272A37288AA04A0010BC10 /* Debug */ = {
			isa = XCBuildConfiguration;
			buildSettings = {
				ALWAYS_SEARCH_USER_PATHS = NO;
				CLANG_ANALYZER_NONNULL = YES;
				CLANG_ANALYZER_NUMBER_OBJECT_CONVERSION = YES_AGGRESSIVE;
				CLANG_CXX_LANGUAGE_STANDARD = "gnu++17";
				CLANG_ENABLE_MODULES = YES;
				CLANG_ENABLE_OBJC_ARC = YES;
				CLANG_ENABLE_OBJC_WEAK = YES;
				CLANG_WARN_BLOCK_CAPTURE_AUTORELEASING = YES;
				CLANG_WARN_BOOL_CONVERSION = YES;
				CLANG_WARN_COMMA = YES;
				CLANG_WARN_CONSTANT_CONVERSION = YES;
				CLANG_WARN_DEPRECATED_OBJC_IMPLEMENTATIONS = YES;
				CLANG_WARN_DIRECT_OBJC_ISA_USAGE = YES_ERROR;
				CLANG_WARN_DOCUMENTATION_COMMENTS = YES;
				CLANG_WARN_EMPTY_BODY = YES;
				CLANG_WARN_ENUM_CONVERSION = YES;
				CLANG_WARN_INFINITE_RECURSION = YES;
				CLANG_WARN_INT_CONVERSION = YES;
				CLANG_WARN_NON_LITERAL_NULL_CONVERSION = YES;
				CLANG_WARN_OBJC_IMPLICIT_RETAIN_SELF = YES;
				CLANG_WARN_OBJC_LITERAL_CONVERSION = YES;
				CLANG_WARN_OBJC_ROOT_CLASS = YES_ERROR;
				CLANG_WARN_QUOTED_INCLUDE_IN_FRAMEWORK_HEADER = YES;
				CLANG_WARN_RANGE_LOOP_ANALYSIS = YES;
				CLANG_WARN_STRICT_PROTOTYPES = YES;
				CLANG_WARN_SUSPICIOUS_MOVE = YES;
				CLANG_WARN_UNGUARDED_AVAILABILITY = YES_AGGRESSIVE;
				CLANG_WARN_UNREACHABLE_CODE = YES;
				CLANG_WARN__DUPLICATE_METHOD_MATCH = YES;
				COPY_PHASE_STRIP = NO;
				DEBUG_INFORMATION_FORMAT = dwarf;
				ENABLE_STRICT_OBJC_MSGSEND = YES;
				ENABLE_TESTABILITY = YES;
				GCC_C_LANGUAGE_STANDARD = gnu11;
				GCC_DYNAMIC_NO_PIC = NO;
				GCC_NO_COMMON_BLOCKS = YES;
				GCC_OPTIMIZATION_LEVEL = 0;
				GCC_PREPROCESSOR_DEFINITIONS = (
					"DEBUG=1",
					"$(inherited)",
				);
				GCC_WARN_64_TO_32_BIT_CONVERSION = YES;
				GCC_WARN_ABOUT_RETURN_TYPE = YES_ERROR;
				GCC_WARN_UNDECLARED_SELECTOR = YES;
				GCC_WARN_UNINITIALIZED_AUTOS = YES_AGGRESSIVE;
				GCC_WARN_UNUSED_FUNCTION = YES;
				GCC_WARN_UNUSED_VARIABLE = YES;
				IPHONEOS_DEPLOYMENT_TARGET = 15.0;
				MTL_ENABLE_DEBUG_INFO = INCLUDE_SOURCE;
				MTL_FAST_MATH = YES;
				ONLY_ACTIVE_ARCH = YES;
				SDKROOT = iphoneos;
				SWIFT_ACTIVE_COMPILATION_CONDITIONS = DEBUG;
				SWIFT_OPTIMIZATION_LEVEL = "-Onone";
			};
			name = Debug;
		};
		94272A38288AA04A0010BC10 /* Release */ = {
			isa = XCBuildConfiguration;
			buildSettings = {
				ALWAYS_SEARCH_USER_PATHS = NO;
				CLANG_ANALYZER_NONNULL = YES;
				CLANG_ANALYZER_NUMBER_OBJECT_CONVERSION = YES_AGGRESSIVE;
				CLANG_CXX_LANGUAGE_STANDARD = "gnu++17";
				CLANG_ENABLE_MODULES = YES;
				CLANG_ENABLE_OBJC_ARC = YES;
				CLANG_ENABLE_OBJC_WEAK = YES;
				CLANG_WARN_BLOCK_CAPTURE_AUTORELEASING = YES;
				CLANG_WARN_BOOL_CONVERSION = YES;
				CLANG_WARN_COMMA = YES;
				CLANG_WARN_CONSTANT_CONVERSION = YES;
				CLANG_WARN_DEPRECATED_OBJC_IMPLEMENTATIONS = YES;
				CLANG_WARN_DIRECT_OBJC_ISA_USAGE = YES_ERROR;
				CLANG_WARN_DOCUMENTATION_COMMENTS = YES;
				CLANG_WARN_EMPTY_BODY = YES;
				CLANG_WARN_ENUM_CONVERSION = YES;
				CLANG_WARN_INFINITE_RECURSION = YES;
				CLANG_WARN_INT_CONVERSION = YES;
				CLANG_WARN_NON_LITERAL_NULL_CONVERSION = YES;
				CLANG_WARN_OBJC_IMPLICIT_RETAIN_SELF = YES;
				CLANG_WARN_OBJC_LITERAL_CONVERSION = YES;
				CLANG_WARN_OBJC_ROOT_CLASS = YES_ERROR;
				CLANG_WARN_QUOTED_INCLUDE_IN_FRAMEWORK_HEADER = YES;
				CLANG_WARN_RANGE_LOOP_ANALYSIS = YES;
				CLANG_WARN_STRICT_PROTOTYPES = YES;
				CLANG_WARN_SUSPICIOUS_MOVE = YES;
				CLANG_WARN_UNGUARDED_AVAILABILITY = YES_AGGRESSIVE;
				CLANG_WARN_UNREACHABLE_CODE = YES;
				CLANG_WARN__DUPLICATE_METHOD_MATCH = YES;
				COPY_PHASE_STRIP = NO;
				DEBUG_INFORMATION_FORMAT = "dwarf-with-dsym";
				ENABLE_NS_ASSERTIONS = NO;
				ENABLE_STRICT_OBJC_MSGSEND = YES;
				GCC_C_LANGUAGE_STANDARD = gnu11;
				GCC_NO_COMMON_BLOCKS = YES;
				GCC_WARN_64_TO_32_BIT_CONVERSION = YES;
				GCC_WARN_ABOUT_RETURN_TYPE = YES_ERROR;
				GCC_WARN_UNDECLARED_SELECTOR = YES;
				GCC_WARN_UNINITIALIZED_AUTOS = YES_AGGRESSIVE;
				GCC_WARN_UNUSED_FUNCTION = YES;
				GCC_WARN_UNUSED_VARIABLE = YES;
				IPHONEOS_DEPLOYMENT_TARGET = 15.0;
				MTL_ENABLE_DEBUG_INFO = NO;
				MTL_FAST_MATH = YES;
				SDKROOT = iphoneos;
				SWIFT_COMPILATION_MODE = wholemodule;
				SWIFT_OPTIMIZATION_LEVEL = "-O";
				VALIDATE_PRODUCT = YES;
			};
			name = Release;
		};
		94272A3A288AA04A0010BC10 /* Debug */ = {
			isa = XCBuildConfiguration;
			buildSettings = {
				ASSETCATALOG_COMPILER_APPICON_NAME = AppIcon;
				ASSETCATALOG_COMPILER_GLOBAL_ACCENT_COLOR_NAME = AccentColor;
				CODE_SIGN_STYLE = Automatic;
				CURRENT_PROJECT_VERSION = 1;
				DEVELOPMENT_TEAM = 56M5N9M2PX;
				GENERATE_INFOPLIST_FILE = YES;
				INFOPLIST_FILE = DoneList/Resource/Info.plist;
				INFOPLIST_KEY_CFBundleDisplayName = Done;
				INFOPLIST_KEY_UIApplicationSupportsIndirectInputEvents = YES;
				INFOPLIST_KEY_UILaunchStoryboardName = LaunchScreen;
				INFOPLIST_KEY_UISupportedInterfaceOrientations = UIInterfaceOrientationPortrait;
				INFOPLIST_KEY_UISupportedInterfaceOrientations_iPad = "UIInterfaceOrientationPortrait UIInterfaceOrientationPortraitUpsideDown UIInterfaceOrientationLandscapeLeft UIInterfaceOrientationLandscapeRight";
				INFOPLIST_KEY_UISupportedInterfaceOrientations_iPhone = "UIInterfaceOrientationPortrait UIInterfaceOrientationLandscapeLeft UIInterfaceOrientationLandscapeRight";
				LD_RUNPATH_SEARCH_PATHS = (
					"$(inherited)",
					"@executable_path/Frameworks",
				);
				MARKETING_VERSION = 1.0;
				PRODUCT_BUNDLE_IDENTIFIER = com.gmail.whqtkf12.Done;
				PRODUCT_NAME = "$(TARGET_NAME)";
				SWIFT_EMIT_LOC_STRINGS = YES;
				SWIFT_VERSION = 5.0;
				TARGETED_DEVICE_FAMILY = 1;
			};
			name = Debug;
		};
		94272A3B288AA04A0010BC10 /* Release */ = {
			isa = XCBuildConfiguration;
			buildSettings = {
				ASSETCATALOG_COMPILER_APPICON_NAME = AppIcon;
				ASSETCATALOG_COMPILER_GLOBAL_ACCENT_COLOR_NAME = AccentColor;
				CODE_SIGN_STYLE = Automatic;
				CURRENT_PROJECT_VERSION = 1;
				DEVELOPMENT_TEAM = 56M5N9M2PX;
				GENERATE_INFOPLIST_FILE = YES;
				INFOPLIST_FILE = DoneList/Resource/Info.plist;
				INFOPLIST_KEY_CFBundleDisplayName = Done;
				INFOPLIST_KEY_UIApplicationSupportsIndirectInputEvents = YES;
				INFOPLIST_KEY_UILaunchStoryboardName = LaunchScreen;
				INFOPLIST_KEY_UISupportedInterfaceOrientations = UIInterfaceOrientationPortrait;
				INFOPLIST_KEY_UISupportedInterfaceOrientations_iPad = "UIInterfaceOrientationPortrait UIInterfaceOrientationPortraitUpsideDown UIInterfaceOrientationLandscapeLeft UIInterfaceOrientationLandscapeRight";
				INFOPLIST_KEY_UISupportedInterfaceOrientations_iPhone = "UIInterfaceOrientationPortrait UIInterfaceOrientationLandscapeLeft UIInterfaceOrientationLandscapeRight";
				LD_RUNPATH_SEARCH_PATHS = (
					"$(inherited)",
					"@executable_path/Frameworks",
				);
				MARKETING_VERSION = 1.0;
				PRODUCT_BUNDLE_IDENTIFIER = com.gmail.whqtkf12.Done;
				PRODUCT_NAME = "$(TARGET_NAME)";
				SWIFT_EMIT_LOC_STRINGS = YES;
				SWIFT_VERSION = 5.0;
				TARGETED_DEVICE_FAMILY = 1;
			};
			name = Release;
		};
/* End XCBuildConfiguration section */

/* Begin XCConfigurationList section */
		94272A20288AA0480010BC10 /* Build configuration list for PBXProject "DoneList" */ = {
			isa = XCConfigurationList;
			buildConfigurations = (
				94272A37288AA04A0010BC10 /* Debug */,
				94272A38288AA04A0010BC10 /* Release */,
			);
			defaultConfigurationIsVisible = 0;
			defaultConfigurationName = Release;
		};
		94272A39288AA04A0010BC10 /* Build configuration list for PBXNativeTarget "DoneList" */ = {
			isa = XCConfigurationList;
			buildConfigurations = (
				94272A3A288AA04A0010BC10 /* Debug */,
				94272A3B288AA04A0010BC10 /* Release */,
			);
			defaultConfigurationIsVisible = 0;
			defaultConfigurationName = Release;
		};
/* End XCConfigurationList section */

/* Begin XCRemoteSwiftPackageReference section */
		94272A99288AFDF20010BC10 /* XCRemoteSwiftPackageReference "SnapKit" */ = {
			isa = XCRemoteSwiftPackageReference;
			repositoryURL = "https://github.com/SnapKit/SnapKit";
			requirement = {
				kind = upToNextMajorVersion;
				minimumVersion = 5.0.0;
			};
		};
		94272AA4288B31E50010BC10 /* XCRemoteSwiftPackageReference "FSCalendar" */ = {
			isa = XCRemoteSwiftPackageReference;
			repositoryURL = "https://github.com/WenchaoD/FSCalendar.git";
			requirement = {
				kind = upToNextMajorVersion;
				minimumVersion = 2.0.0;
			};
		};
		9461B93228A3FFA600E4F871 /* XCRemoteSwiftPackageReference "realm-swift" */ = {
			isa = XCRemoteSwiftPackageReference;
			repositoryURL = "https://github.com/realm/realm-swift";
			requirement = {
				branch = master;
				kind = branch;
			};
		};
		94F067FC289B9CBC00982832 /* XCRemoteSwiftPackageReference "ToastPresenter" */ = {
			isa = XCRemoteSwiftPackageReference;
			repositoryURL = "https://github.com/FirstDo/ToastPresenter";
			requirement = {
				kind = upToNextMajorVersion;
				minimumVersion = 0.1.1;
			};
		};
/* End XCRemoteSwiftPackageReference section */

/* Begin XCSwiftPackageProductDependency section */
		94272A9A288AFDF20010BC10 /* SnapKit */ = {
			isa = XCSwiftPackageProductDependency;
			package = 94272A99288AFDF20010BC10 /* XCRemoteSwiftPackageReference "SnapKit" */;
			productName = SnapKit;
		};
		94272AA5288B31E50010BC10 /* FSCalendar */ = {
			isa = XCSwiftPackageProductDependency;
			package = 94272AA4288B31E50010BC10 /* XCRemoteSwiftPackageReference "FSCalendar" */;
			productName = FSCalendar;
		};
		9461B93328A3FFA600E4F871 /* Realm */ = {
			isa = XCSwiftPackageProductDependency;
			package = 9461B93228A3FFA600E4F871 /* XCRemoteSwiftPackageReference "realm-swift" */;
			productName = Realm;
		};
		9461B93528A3FFA600E4F871 /* RealmSwift */ = {
			isa = XCSwiftPackageProductDependency;
			package = 9461B93228A3FFA600E4F871 /* XCRemoteSwiftPackageReference "realm-swift" */;
			productName = RealmSwift;
		};
		94F067FD289B9CBC00982832 /* ToastPresenter */ = {
			isa = XCSwiftPackageProductDependency;
			package = 94F067FC289B9CBC00982832 /* XCRemoteSwiftPackageReference "ToastPresenter" */;
			productName = ToastPresenter;
		};
/* End XCSwiftPackageProductDependency section */
	};
	rootObject = 94272A1D288AA0480010BC10 /* Project object */;
}
